// !$*UTF8*$!
{
	archiveVersion = 1;
	classes = {
	};
	objectVersion = 51;
	objects = {

/* Begin PBXBuildFile section */
		08CF942323008CFCD2A1F2C8 /* Pods_Gleem_iOSTests.framework in Frameworks */ = {isa = PBXBuildFile; fileRef = 13D581F1EBB48085BFB33E92 /* Pods_Gleem_iOSTests.framework */; };
		1101C1AB24F1794500F7C792 /* LocationManager.swift in Sources */ = {isa = PBXBuildFile; fileRef = 1101C1AA24F1794500F7C792 /* LocationManager.swift */; };
		1101C1AD24F1D1CC00F7C792 /* UserProfile.swift in Sources */ = {isa = PBXBuildFile; fileRef = 1101C1AC24F1D1CC00F7C792 /* UserProfile.swift */; };
		11143D2824C242330082E48F /* heart.json in Resources */ = {isa = PBXBuildFile; fileRef = 11143D2624C242320082E48F /* heart.json */; };
		11143D2924C242330082E48F /* heart2.json in Resources */ = {isa = PBXBuildFile; fileRef = 11143D2724C242320082E48F /* heart2.json */; };
		11143D3324C25ED60082E48F /* radar.json in Resources */ = {isa = PBXBuildFile; fileRef = 11143D3224C25ED50082E48F /* radar.json */; };
		11143D3524C268940082E48F /* radar-motion.json in Resources */ = {isa = PBXBuildFile; fileRef = 11143D3424C268920082E48F /* radar-motion.json */; };
		11143D3724C4ADDD0082E48F /* MatchingViewModel.swift in Sources */ = {isa = PBXBuildFile; fileRef = 11143D3624C4ADDC0082E48F /* MatchingViewModel.swift */; };
		11143D3924C4AE380082E48F /* MatchingApi.swift in Sources */ = {isa = PBXBuildFile; fileRef = 11143D3824C4AE380082E48F /* MatchingApi.swift */; };
		11143D3B24C4AEC70082E48F /* Match.swift in Sources */ = {isa = PBXBuildFile; fileRef = 11143D3A24C4AEC70082E48F /* Match.swift */; };
		1153A78724B966AE00CE3574 /* SignupViewModel.swift in Sources */ = {isa = PBXBuildFile; fileRef = 1153A78524B966AD00CE3574 /* SignupViewModel.swift */; };
		1153A78824B966AE00CE3574 /* SigninViewModel.swift in Sources */ = {isa = PBXBuildFile; fileRef = 1153A78624B966AE00CE3574 /* SigninViewModel.swift */; };
		1153A78F24B9679200CE3574 /* UsernameTextField.swift in Sources */ = {isa = PBXBuildFile; fileRef = 1153A78924B9679100CE3574 /* UsernameTextField.swift */; };
		1153A79024B9679200CE3574 /* SigninButton.swift in Sources */ = {isa = PBXBuildFile; fileRef = 1153A78A24B9679100CE3574 /* SigninButton.swift */; };
		1153A79124B9679200CE3574 /* EmailTextField.swift in Sources */ = {isa = PBXBuildFile; fileRef = 1153A78B24B9679100CE3574 /* EmailTextField.swift */; };
		1153A79224B9679200CE3574 /* PasswordTextField.swift in Sources */ = {isa = PBXBuildFile; fileRef = 1153A78C24B9679100CE3574 /* PasswordTextField.swift */; };
		1153A79324B9679200CE3574 /* SignupButton.swift in Sources */ = {isa = PBXBuildFile; fileRef = 1153A78D24B9679200CE3574 /* SignupButton.swift */; };
		1153A79424B9679200CE3574 /* SignupText.swift in Sources */ = {isa = PBXBuildFile; fileRef = 1153A78E24B9679200CE3574 /* SignupText.swift */; };
		1153A79724B967FF00CE3574 /* SignUpView.swift in Sources */ = {isa = PBXBuildFile; fileRef = 1153A79524B967FE00CE3574 /* SignUpView.swift */; };
		1153A79824B967FF00CE3574 /* LoginView.swift in Sources */ = {isa = PBXBuildFile; fileRef = 1153A79624B967FE00CE3574 /* LoginView.swift */; };
		1153A79A24B97F6400CE3574 /* InitialView.swift in Sources */ = {isa = PBXBuildFile; fileRef = 1153A79924B97F6400CE3574 /* InitialView.swift */; };
		1153A7A924BA023F00CE3574 /* CustomController.swift in Sources */ = {isa = PBXBuildFile; fileRef = 1153A7A824BA023F00CE3574 /* CustomController.swift */; };
		1153A7AF24BA9BD800CE3574 /* ActiveVote.swift in Sources */ = {isa = PBXBuildFile; fileRef = 1153A7AE24BA9BD800CE3574 /* ActiveVote.swift */; };
		11607FBD24FF02BD00A243D0 /* ChatFlagView.swift in Sources */ = {isa = PBXBuildFile; fileRef = 11607FBC24FF02BD00A243D0 /* ChatFlagView.swift */; };
		116AB5CA250895D1003D1D47 /* ActiveVote_NEW.swift in Sources */ = {isa = PBXBuildFile; fileRef = 116AB5C9250895D0003D1D47 /* ActiveVote_NEW.swift */; };
		116AB5CC25094497003D1D47 /* Activity.swift in Sources */ = {isa = PBXBuildFile; fileRef = 116AB5CB25094497003D1D47 /* Activity.swift */; };
		11783E6C24B53BA500EEFE80 /* AppDelegate.swift in Sources */ = {isa = PBXBuildFile; fileRef = 11783E6B24B53BA500EEFE80 /* AppDelegate.swift */; };
		11783E6E24B53BA500EEFE80 /* SceneDelegate.swift in Sources */ = {isa = PBXBuildFile; fileRef = 11783E6D24B53BA500EEFE80 /* SceneDelegate.swift */; };
		11783E7124B53BA500EEFE80 /* Gleem_iOS.xcdatamodeld in Sources */ = {isa = PBXBuildFile; fileRef = 11783E6F24B53BA500EEFE80 /* Gleem_iOS.xcdatamodeld */; };
		11783E7324B53BA500EEFE80 /* ContentView.swift in Sources */ = {isa = PBXBuildFile; fileRef = 11783E7224B53BA500EEFE80 /* ContentView.swift */; };
		11783E7524B53BA900EEFE80 /* Assets.xcassets in Resources */ = {isa = PBXBuildFile; fileRef = 11783E7424B53BA900EEFE80 /* Assets.xcassets */; };
		11783E7824B53BA900EEFE80 /* Preview Assets.xcassets in Resources */ = {isa = PBXBuildFile; fileRef = 11783E7724B53BA900EEFE80 /* Preview Assets.xcassets */; };
		11783E7B24B53BA900EEFE80 /* LaunchScreen.storyboard in Resources */ = {isa = PBXBuildFile; fileRef = 11783E7924B53BA900EEFE80 /* LaunchScreen.storyboard */; };
		11783E8624B53BA900EEFE80 /* Gleem_iOSTests.swift in Sources */ = {isa = PBXBuildFile; fileRef = 11783E8524B53BA900EEFE80 /* Gleem_iOSTests.swift */; };
		11783E9124B53BA900EEFE80 /* Gleem_iOSUITests.swift in Sources */ = {isa = PBXBuildFile; fileRef = 11783E9024B53BA900EEFE80 /* Gleem_iOSUITests.swift */; };
		11783E9F24B53BF400EEFE80 /* observer.swift in Sources */ = {isa = PBXBuildFile; fileRef = 11783E9E24B53BF400EEFE80 /* observer.swift */; };
		11783EAD24B53CEC00EEFE80 /* UserApi.swift in Sources */ = {isa = PBXBuildFile; fileRef = 11783EA124B53CEB00EEFE80 /* UserApi.swift */; };
		11783EB024B53CEC00EEFE80 /* StorageService.swift in Sources */ = {isa = PBXBuildFile; fileRef = 11783EA524B53CEB00EEFE80 /* StorageService.swift */; };
		11783EB124B53CEC00EEFE80 /* UploadViewModel.swift in Sources */ = {isa = PBXBuildFile; fileRef = 11783EA624B53CEB00EEFE80 /* UploadViewModel.swift */; };
		11783EB224B53CEC00EEFE80 /* AttributeViewModel.swift in Sources */ = {isa = PBXBuildFile; fileRef = 11783EA724B53CEB00EEFE80 /* AttributeViewModel.swift */; };
		11783EB324B53CEC00EEFE80 /* VoteViewModel.swift in Sources */ = {isa = PBXBuildFile; fileRef = 11783EA824B53CEB00EEFE80 /* VoteViewModel.swift */; };
		11783EB424B53CEC00EEFE80 /* ChartViewModel.swift in Sources */ = {isa = PBXBuildFile; fileRef = 11783EA924B53CEB00EEFE80 /* ChartViewModel.swift */; };
		11783EB524B53CEC00EEFE80 /* FavoriteViewModel.swift in Sources */ = {isa = PBXBuildFile; fileRef = 11783EAA24B53CEB00EEFE80 /* FavoriteViewModel.swift */; };
		11783EB624B53CEC00EEFE80 /* AuthService.swift in Sources */ = {isa = PBXBuildFile; fileRef = 11783EAC24B53CEB00EEFE80 /* AuthService.swift */; };
		11783EC724B53D1A00EEFE80 /* SafariView.swift in Sources */ = {isa = PBXBuildFile; fileRef = 11783EBA24B53D1900EEFE80 /* SafariView.swift */; };
		11783EC824B53D1A00EEFE80 /* FavoriteView.swift in Sources */ = {isa = PBXBuildFile; fileRef = 11783EBB24B53D1900EEFE80 /* FavoriteView.swift */; };
		11783EC924B53D1A00EEFE80 /* ChartView.swift in Sources */ = {isa = PBXBuildFile; fileRef = 11783EBC24B53D1900EEFE80 /* ChartView.swift */; };
		11783ECB24B53D1A00EEFE80 /* AttrButtonView.swift in Sources */ = {isa = PBXBuildFile; fileRef = 11783EBE24B53D1900EEFE80 /* AttrButtonView.swift */; };
		11783ECD24B53D1A00EEFE80 /* MyStaticView.swift in Sources */ = {isa = PBXBuildFile; fileRef = 11783EC024B53D1900EEFE80 /* MyStaticView.swift */; };
		11783ED024B53D1A00EEFE80 /* UploadView.swift in Sources */ = {isa = PBXBuildFile; fileRef = 11783EC324B53D1900EEFE80 /* UploadView.swift */; };
		11783ED124B53D1A00EEFE80 /* ExpandView.swift in Sources */ = {isa = PBXBuildFile; fileRef = 11783EC424B53D1900EEFE80 /* ExpandView.swift */; };
		11783ED224B53D1A00EEFE80 /* SettingView.swift in Sources */ = {isa = PBXBuildFile; fileRef = 11783EC524B53D1900EEFE80 /* SettingView.swift */; };
		11783EE024B53DD900EEFE80 /* Constants.swift in Sources */ = {isa = PBXBuildFile; fileRef = 11783ED524B53DD800EEFE80 /* Constants.swift */; };
		11783EE224B53DD900EEFE80 /* SearchBarView.swift in Sources */ = {isa = PBXBuildFile; fileRef = 11783ED724B53DD800EEFE80 /* SearchBarView.swift */; };
		11783EE324B53DD900EEFE80 /* ImagePicker.swift in Sources */ = {isa = PBXBuildFile; fileRef = 11783ED824B53DD800EEFE80 /* ImagePicker.swift */; };
		11783EE424B53DD900EEFE80 /* SearchBar.swift in Sources */ = {isa = PBXBuildFile; fileRef = 11783ED924B53DD800EEFE80 /* SearchBar.swift */; };
		11783EE524B53DD900EEFE80 /* Extensions.swift in Sources */ = {isa = PBXBuildFile; fileRef = 11783EDA24B53DD800EEFE80 /* Extensions.swift */; };
		11783EE624B53DD900EEFE80 /* Loader.swift in Sources */ = {isa = PBXBuildFile; fileRef = 11783EDB24B53DD900EEFE80 /* Loader.swift */; };
		11783EE724B53DD900EEFE80 /* Utils.swift in Sources */ = {isa = PBXBuildFile; fileRef = 11783EDC24B53DD900EEFE80 /* Utils.swift */; };
		11783EE824B53DD900EEFE80 /* Modifier.swift in Sources */ = {isa = PBXBuildFile; fileRef = 11783EDD24B53DD900EEFE80 /* Modifier.swift */; };
		11783EE924B53DD900EEFE80 /* Keyboard.swift in Sources */ = {isa = PBXBuildFile; fileRef = 11783EDE24B53DD900EEFE80 /* Keyboard.swift */; };
		11783EEA24B53DD900EEFE80 /* LoadingView.swift in Sources */ = {isa = PBXBuildFile; fileRef = 11783EDF24B53DD900EEFE80 /* LoadingView.swift */; };
		11783EF124B53E5000EEFE80 /* FavoriteUser.swift in Sources */ = {isa = PBXBuildFile; fileRef = 11783EEC24B53E5000EEFE80 /* FavoriteUser.swift */; };
		11783EF324B53E5000EEFE80 /* User.swift in Sources */ = {isa = PBXBuildFile; fileRef = 11783EEE24B53E5000EEFE80 /* User.swift */; };
		11783EF424B53E5000EEFE80 /* Vote.swift in Sources */ = {isa = PBXBuildFile; fileRef = 11783EEF24B53E5000EEFE80 /* Vote.swift */; };
		11783EF524B53E5000EEFE80 /* MyVote.swift in Sources */ = {isa = PBXBuildFile; fileRef = 11783EF024B53E5000EEFE80 /* MyVote.swift */; };
		11783EF724B53F4700EEFE80 /* GoogleService-Info.plist in Resources */ = {isa = PBXBuildFile; fileRef = 11783EF624B53F4700EEFE80 /* GoogleService-Info.plist */; };
		11783EFA24B57E2200EEFE80 /* ProfileList.swift in Sources */ = {isa = PBXBuildFile; fileRef = 11783EF924B57E2200EEFE80 /* ProfileList.swift */; };
		11783EFC24B57FAE00EEFE80 /* MenuView.swift in Sources */ = {isa = PBXBuildFile; fileRef = 11783EFB24B57FAE00EEFE80 /* MenuView.swift */; };
		11783EFE24B6293A00EEFE80 /* BlurView.swift in Sources */ = {isa = PBXBuildFile; fileRef = 11783EFD24B6293A00EEFE80 /* BlurView.swift */; };
		11783F0824B6A44500EEFE80 /* SuccessView.swift in Sources */ = {isa = PBXBuildFile; fileRef = 11783F0724B6A44500EEFE80 /* SuccessView.swift */; };
		11783F0A24B6A4DD00EEFE80 /* LottieView.swift in Sources */ = {isa = PBXBuildFile; fileRef = 11783F0924B6A4DD00EEFE80 /* LottieView.swift */; };
		1181FF2F24DCBF3500ED5865 /* heart_beat.json in Resources */ = {isa = PBXBuildFile; fileRef = 1181FF2E24DCBF3100ED5865 /* heart_beat.json */; };
		1181FF3124DCE2DF00ED5865 /* MultilineTextField.swift in Sources */ = {isa = PBXBuildFile; fileRef = 1181FF3024DCE2DF00ED5865 /* MultilineTextField.swift */; };
		1181FF3324DF548000ED5865 /* profile.json in Resources */ = {isa = PBXBuildFile; fileRef = 1181FF3224DF547F00ED5865 /* profile.json */; };
		1181FF3624E098E600ED5865 /* StatView.swift in Sources */ = {isa = PBXBuildFile; fileRef = 1181FF3524E098E500ED5865 /* StatView.swift */; };
		1181FF3824E0A2FC00ED5865 /* HistoryView.swift in Sources */ = {isa = PBXBuildFile; fileRef = 1181FF3724E0A2FC00ED5865 /* HistoryView.swift */; };
		1181FF3C24E0A35D00ED5865 /* HeaderModel.swift in Sources */ = {isa = PBXBuildFile; fileRef = 1181FF3B24E0A35D00ED5865 /* HeaderModel.swift */; };
		1181FF3E24E0A43100ED5865 /* PastVotePictureView.swift in Sources */ = {isa = PBXBuildFile; fileRef = 1181FF3D24E0A43100ED5865 /* PastVotePictureView.swift */; };
		1181FF4024E0C4CC00ED5865 /* HistoryViewModel.swift in Sources */ = {isa = PBXBuildFile; fileRef = 1181FF3F24E0C4CC00ED5865 /* HistoryViewModel.swift */; };
		1181FF4224E235D800ED5865 /* Reachabilty.swift in Sources */ = {isa = PBXBuildFile; fileRef = 1181FF4124E235D600ED5865 /* Reachabilty.swift */; };
		1181FF4424E38B8A00ED5865 /* BannerAdView.swift in Sources */ = {isa = PBXBuildFile; fileRef = 1181FF4324E38B8A00ED5865 /* BannerAdView.swift */; };
		1189A19B24E621CE0042FE8D /* LocalNotificationManager.swift in Sources */ = {isa = PBXBuildFile; fileRef = 1189A19A24E621CE0042FE8D /* LocalNotificationManager.swift */; };
		118BAC1B24CB6BA900989F47 /* break-heart.json in Resources */ = {isa = PBXBuildFile; fileRef = 118BAC1A24CB6BA800989F47 /* break-heart.json */; };
		118BAC1E24CB7D1B00989F47 /* KeyboardObserving.swift in Sources */ = {isa = PBXBuildFile; fileRef = 118BAC1D24CB7D1B00989F47 /* KeyboardObserving.swift */; };
		118BAC2024CB9BEA00989F47 /* EmptyChattingView.swift in Sources */ = {isa = PBXBuildFile; fileRef = 118BAC1F24CB9BEA00989F47 /* EmptyChattingView.swift */; };
		118BAC2224CBA92700989F47 /* no-chat.json in Resources */ = {isa = PBXBuildFile; fileRef = 118BAC2124CBA92700989F47 /* no-chat.json */; };
		118BAC2424CBD94A00989F47 /* no-chat2.json in Resources */ = {isa = PBXBuildFile; fileRef = 118BAC2324CBD94800989F47 /* no-chat2.json */; };
		118BAC2824CBDD6A00989F47 /* noti.json in Resources */ = {isa = PBXBuildFile; fileRef = 118BAC2724CBDD6A00989F47 /* noti.json */; };
		118BAC2C24CCC02B00989F47 /* femaie.json in Resources */ = {isa = PBXBuildFile; fileRef = 118BAC2B24CCC02500989F47 /* femaie.json */; };
		11982E7024CFA60C00DC57E2 /* CreditCard.swift in Sources */ = {isa = PBXBuildFile; fileRef = 11982E6F24CFA60C00DC57E2 /* CreditCard.swift */; };
		11982E7224CFA63600DC57E2 /* PaymentView.swift in Sources */ = {isa = PBXBuildFile; fileRef = 11982E7124CFA63600DC57E2 /* PaymentView.swift */; };
		11B5ECE324BB7D920055700B /* Chat.swift in Sources */ = {isa = PBXBuildFile; fileRef = 11B5ECE224BB7D920055700B /* Chat.swift */; };
		11B5ECE524BB7DA50055700B /* InboxMessage.swift in Sources */ = {isa = PBXBuildFile; fileRef = 11B5ECE424BB7DA50055700B /* InboxMessage.swift */; };
		11B5ECEF24BB802E0055700B /* UserViewModel.swift in Sources */ = {isa = PBXBuildFile; fileRef = 11B5ECEE24BB802D0055700B /* UserViewModel.swift */; };
		11B5ECF124BB8A320055700B /* Api.swift in Sources */ = {isa = PBXBuildFile; fileRef = 11B5ECF024BB8A320055700B /* Api.swift */; };
		11B5ECF324BB8A6F0055700B /* ChatApi.swift in Sources */ = {isa = PBXBuildFile; fileRef = 11B5ECF224BB8A6F0055700B /* ChatApi.swift */; };
		11B5ECF524BB99C90055700B /* MessagesView.swift in Sources */ = {isa = PBXBuildFile; fileRef = 11B5ECF424BB99C90055700B /* MessagesView.swift */; };
		11B5ECF724BB99F80055700B /* MessageViewModel.swift in Sources */ = {isa = PBXBuildFile; fileRef = 11B5ECF624BB99F80055700B /* MessageViewModel.swift */; };
		11B5ECF924BB9A150055700B /* ChatView.swift in Sources */ = {isa = PBXBuildFile; fileRef = 11B5ECF824BB9A150055700B /* ChatView.swift */; };
		11B5ECFB24BB9A2C0055700B /* ChatViewModel.swift in Sources */ = {isa = PBXBuildFile; fileRef = 11B5ECFA24BB9A2B0055700B /* ChatViewModel.swift */; };
		11B5ECFF24BBAC700055700B /* CustomScrollView.swift in Sources */ = {isa = PBXBuildFile; fileRef = 11B5ECFE24BBAC700055700B /* CustomScrollView.swift */; };
		11B5ED0124BC210E0055700B /* RatingDetailView.swift in Sources */ = {isa = PBXBuildFile; fileRef = 11B5ED0024BC210E0055700B /* RatingDetailView.swift */; };
		11B5ED0324BCC3690055700B /* ProfileView.swift in Sources */ = {isa = PBXBuildFile; fileRef = 11B5ED0224BCC3690055700B /* ProfileView.swift */; };
		11B5ED0524BD02E70055700B /* Notification.swift in Sources */ = {isa = PBXBuildFile; fileRef = 11B5ED0424BD02E70055700B /* Notification.swift */; };
		11B5ED0724BD17EC0055700B /* ActivityApi.swift in Sources */ = {isa = PBXBuildFile; fileRef = 11B5ED0624BD17EC0055700B /* ActivityApi.swift */; };
		11B5ED0924BD180A0055700B /* ActivityViewModel.swift in Sources */ = {isa = PBXBuildFile; fileRef = 11B5ED0824BD180A0055700B /* ActivityViewModel.swift */; };
		11B5ED0B24BD35C50055700B /* NotificationView.swift in Sources */ = {isa = PBXBuildFile; fileRef = 11B5ED0A24BD35C50055700B /* NotificationView.swift */; };
		11B5ED0D24BDF9A10055700B /* CookieRun Regular.ttf in Resources */ = {isa = PBXBuildFile; fileRef = 11B5ED0C24BDF99F0055700B /* CookieRun Regular.ttf */; };
		11B5ED1124BDFB6D0055700B /* JSDongkang-Regular.ttf in Resources */ = {isa = PBXBuildFile; fileRef = 11B5ED1024BDFB6C0055700B /* JSDongkang-Regular.ttf */; };
		11B5ED1F24BE083E0055700B /* HeaderView.swift in Sources */ = {isa = PBXBuildFile; fileRef = 11B5ED1E24BE083E0055700B /* HeaderView.swift */; };
		11B5ED2124BE08560055700B /* InfoView.swift in Sources */ = {isa = PBXBuildFile; fileRef = 11B5ED2024BE08560055700B /* InfoView.swift */; };
		11B5ED2324BE086D0055700B /* FooterView.swift in Sources */ = {isa = PBXBuildFile; fileRef = 11B5ED2224BE086D0055700B /* FooterView.swift */; };
		11B5ED2524BE087F0055700B /* CardListview.swift in Sources */ = {isa = PBXBuildFile; fileRef = 11B5ED2424BE087F0055700B /* CardListview.swift */; };
		11B5ED2724BE08A90055700B /* MainCardView.swift in Sources */ = {isa = PBXBuildFile; fileRef = 11B5ED2624BE08A90055700B /* MainCardView.swift */; };
		11B5ED2A24BE20F20055700B /* FlagView.swift in Sources */ = {isa = PBXBuildFile; fileRef = 11B5ED2924BE20F20055700B /* FlagView.swift */; };
		11B5ED2E24BEAC170055700B /* Flag.swift in Sources */ = {isa = PBXBuildFile; fileRef = 11B5ED2D24BEAC170055700B /* Flag.swift */; };
		11B5ED3024BEAE2E0055700B /* FlagApi.swift in Sources */ = {isa = PBXBuildFile; fileRef = 11B5ED2F24BEAE2E0055700B /* FlagApi.swift */; };
		11CCBECA24D51D72005C99A0 /* plus.json in Resources */ = {isa = PBXBuildFile; fileRef = 11CCBEC924D51D72005C99A0 /* plus.json */; };
		11FA744E24B7FACC008009A1 /* GuideComponent.swift in Sources */ = {isa = PBXBuildFile; fileRef = 11FA744C24B7FACB008009A1 /* GuideComponent.swift */; };
		11FA744F24B7FACC008009A1 /* HeaderComponent.swift in Sources */ = {isa = PBXBuildFile; fileRef = 11FA744D24B7FACB008009A1 /* HeaderComponent.swift */; };
		11FA745424B7FAF5008009A1 /* TitleModifier.swift in Sources */ = {isa = PBXBuildFile; fileRef = 11FA745124B7FAF4008009A1 /* TitleModifier.swift */; };
		11FA745524B7FAF5008009A1 /* ButtonModifier.swift in Sources */ = {isa = PBXBuildFile; fileRef = 11FA745224B7FAF4008009A1 /* ButtonModifier.swift */; };
		11FA745624B7FAF5008009A1 /* SymbolModifier.swift in Sources */ = {isa = PBXBuildFile; fileRef = 11FA745324B7FAF4008009A1 /* SymbolModifier.swift */; };
		479C31DFEC18D199D28D10CF /* Pods_Gleem_iOS.framework in Frameworks */ = {isa = PBXBuildFile; fileRef = 71926438D528741D2605F13F /* Pods_Gleem_iOS.framework */; };
		4E1A5804F030D814B756C651 /* Pods_Gleem_iOS_Gleem_iOSUITests.framework in Frameworks */ = {isa = PBXBuildFile; fileRef = 642E4AD276EFB745B826A59E /* Pods_Gleem_iOS_Gleem_iOSUITests.framework */; };
/* End PBXBuildFile section */

/* Begin PBXContainerItemProxy section */
		11783E8224B53BA900EEFE80 /* PBXContainerItemProxy */ = {
			isa = PBXContainerItemProxy;
			containerPortal = 11783E6024B53BA500EEFE80 /* Project object */;
			proxyType = 1;
			remoteGlobalIDString = 11783E6724B53BA500EEFE80;
			remoteInfo = Gleem_iOS;
		};
		11783E8D24B53BA900EEFE80 /* PBXContainerItemProxy */ = {
			isa = PBXContainerItemProxy;
			containerPortal = 11783E6024B53BA500EEFE80 /* Project object */;
			proxyType = 1;
			remoteGlobalIDString = 11783E6724B53BA500EEFE80;
			remoteInfo = Gleem_iOS;
		};
/* End PBXContainerItemProxy section */

/* Begin PBXFileReference section */
		1101C1AA24F1794500F7C792 /* LocationManager.swift */ = {isa = PBXFileReference; lastKnownFileType = sourcecode.swift; path = LocationManager.swift; sourceTree = "<group>"; };
		1101C1AC24F1D1CC00F7C792 /* UserProfile.swift */ = {isa = PBXFileReference; lastKnownFileType = sourcecode.swift; path = UserProfile.swift; sourceTree = "<group>"; };
		11143D2624C242320082E48F /* heart.json */ = {isa = PBXFileReference; fileEncoding = 4; lastKnownFileType = text.json; path = heart.json; sourceTree = "<group>"; };
		11143D2724C242320082E48F /* heart2.json */ = {isa = PBXFileReference; fileEncoding = 4; lastKnownFileType = text.json; path = heart2.json; sourceTree = "<group>"; };
		11143D3224C25ED50082E48F /* radar.json */ = {isa = PBXFileReference; fileEncoding = 4; lastKnownFileType = text.json; path = radar.json; sourceTree = "<group>"; };
		11143D3424C268920082E48F /* radar-motion.json */ = {isa = PBXFileReference; fileEncoding = 4; lastKnownFileType = text.json; path = "radar-motion.json"; sourceTree = "<group>"; };
		11143D3624C4ADDC0082E48F /* MatchingViewModel.swift */ = {isa = PBXFileReference; lastKnownFileType = sourcecode.swift; path = MatchingViewModel.swift; sourceTree = "<group>"; };
		11143D3824C4AE380082E48F /* MatchingApi.swift */ = {isa = PBXFileReference; lastKnownFileType = sourcecode.swift; path = MatchingApi.swift; sourceTree = "<group>"; };
		11143D3A24C4AEC70082E48F /* Match.swift */ = {isa = PBXFileReference; lastKnownFileType = sourcecode.swift; path = Match.swift; sourceTree = "<group>"; };
		1153A78524B966AD00CE3574 /* SignupViewModel.swift */ = {isa = PBXFileReference; fileEncoding = 4; lastKnownFileType = sourcecode.swift; path = SignupViewModel.swift; sourceTree = "<group>"; };
		1153A78624B966AE00CE3574 /* SigninViewModel.swift */ = {isa = PBXFileReference; fileEncoding = 4; lastKnownFileType = sourcecode.swift; path = SigninViewModel.swift; sourceTree = "<group>"; };
		1153A78924B9679100CE3574 /* UsernameTextField.swift */ = {isa = PBXFileReference; fileEncoding = 4; lastKnownFileType = sourcecode.swift; path = UsernameTextField.swift; sourceTree = "<group>"; };
		1153A78A24B9679100CE3574 /* SigninButton.swift */ = {isa = PBXFileReference; fileEncoding = 4; lastKnownFileType = sourcecode.swift; path = SigninButton.swift; sourceTree = "<group>"; };
		1153A78B24B9679100CE3574 /* EmailTextField.swift */ = {isa = PBXFileReference; fileEncoding = 4; lastKnownFileType = sourcecode.swift; path = EmailTextField.swift; sourceTree = "<group>"; };
		1153A78C24B9679100CE3574 /* PasswordTextField.swift */ = {isa = PBXFileReference; fileEncoding = 4; lastKnownFileType = sourcecode.swift; path = PasswordTextField.swift; sourceTree = "<group>"; };
		1153A78D24B9679200CE3574 /* SignupButton.swift */ = {isa = PBXFileReference; fileEncoding = 4; lastKnownFileType = sourcecode.swift; path = SignupButton.swift; sourceTree = "<group>"; };
		1153A78E24B9679200CE3574 /* SignupText.swift */ = {isa = PBXFileReference; fileEncoding = 4; lastKnownFileType = sourcecode.swift; path = SignupText.swift; sourceTree = "<group>"; };
		1153A79524B967FE00CE3574 /* SignUpView.swift */ = {isa = PBXFileReference; fileEncoding = 4; lastKnownFileType = sourcecode.swift; path = SignUpView.swift; sourceTree = "<group>"; };
		1153A79624B967FE00CE3574 /* LoginView.swift */ = {isa = PBXFileReference; fileEncoding = 4; lastKnownFileType = sourcecode.swift; path = LoginView.swift; sourceTree = "<group>"; };
		1153A79924B97F6400CE3574 /* InitialView.swift */ = {isa = PBXFileReference; lastKnownFileType = sourcecode.swift; path = InitialView.swift; sourceTree = "<group>"; };
		1153A7A824BA023F00CE3574 /* CustomController.swift */ = {isa = PBXFileReference; lastKnownFileType = sourcecode.swift; path = CustomController.swift; sourceTree = "<group>"; };
		1153A7AE24BA9BD800CE3574 /* ActiveVote.swift */ = {isa = PBXFileReference; lastKnownFileType = sourcecode.swift; path = ActiveVote.swift; sourceTree = "<group>"; };
		11607FBC24FF02BD00A243D0 /* ChatFlagView.swift */ = {isa = PBXFileReference; lastKnownFileType = sourcecode.swift; path = ChatFlagView.swift; sourceTree = "<group>"; };
		116AB5C9250895D0003D1D47 /* ActiveVote_NEW.swift */ = {isa = PBXFileReference; lastKnownFileType = sourcecode.swift; path = ActiveVote_NEW.swift; sourceTree = "<group>"; };
		116AB5CB25094497003D1D47 /* Activity.swift */ = {isa = PBXFileReference; lastKnownFileType = sourcecode.swift; path = Activity.swift; sourceTree = "<group>"; };
		11783E6824B53BA500EEFE80 /* Gleem 데이팅.app */ = {isa = PBXFileReference; explicitFileType = wrapper.application; includeInIndex = 0; path = "Gleem 데이팅.app"; sourceTree = BUILT_PRODUCTS_DIR; };
		11783E6B24B53BA500EEFE80 /* AppDelegate.swift */ = {isa = PBXFileReference; lastKnownFileType = sourcecode.swift; path = AppDelegate.swift; sourceTree = "<group>"; };
		11783E6D24B53BA500EEFE80 /* SceneDelegate.swift */ = {isa = PBXFileReference; lastKnownFileType = sourcecode.swift; path = SceneDelegate.swift; sourceTree = "<group>"; };
		11783E7024B53BA500EEFE80 /* Gleem_iOS.xcdatamodel */ = {isa = PBXFileReference; lastKnownFileType = wrapper.xcdatamodel; path = Gleem_iOS.xcdatamodel; sourceTree = "<group>"; };
		11783E7224B53BA500EEFE80 /* ContentView.swift */ = {isa = PBXFileReference; lastKnownFileType = sourcecode.swift; path = ContentView.swift; sourceTree = "<group>"; };
		11783E7424B53BA900EEFE80 /* Assets.xcassets */ = {isa = PBXFileReference; lastKnownFileType = folder.assetcatalog; path = Assets.xcassets; sourceTree = "<group>"; };
		11783E7724B53BA900EEFE80 /* Preview Assets.xcassets */ = {isa = PBXFileReference; lastKnownFileType = folder.assetcatalog; path = "Preview Assets.xcassets"; sourceTree = "<group>"; };
		11783E7A24B53BA900EEFE80 /* Base */ = {isa = PBXFileReference; lastKnownFileType = file.storyboard; name = Base; path = Base.lproj/LaunchScreen.storyboard; sourceTree = "<group>"; };
		11783E7C24B53BA900EEFE80 /* Info.plist */ = {isa = PBXFileReference; lastKnownFileType = text.plist.xml; path = Info.plist; sourceTree = "<group>"; };
		11783E8124B53BA900EEFE80 /* Gleem_iOSTests.xctest */ = {isa = PBXFileReference; explicitFileType = wrapper.cfbundle; includeInIndex = 0; path = Gleem_iOSTests.xctest; sourceTree = BUILT_PRODUCTS_DIR; };
		11783E8524B53BA900EEFE80 /* Gleem_iOSTests.swift */ = {isa = PBXFileReference; lastKnownFileType = sourcecode.swift; path = Gleem_iOSTests.swift; sourceTree = "<group>"; };
		11783E8724B53BA900EEFE80 /* Info.plist */ = {isa = PBXFileReference; lastKnownFileType = text.plist.xml; path = Info.plist; sourceTree = "<group>"; };
		11783E8C24B53BA900EEFE80 /* Gleem_iOSUITests.xctest */ = {isa = PBXFileReference; explicitFileType = wrapper.cfbundle; includeInIndex = 0; path = Gleem_iOSUITests.xctest; sourceTree = BUILT_PRODUCTS_DIR; };
		11783E9024B53BA900EEFE80 /* Gleem_iOSUITests.swift */ = {isa = PBXFileReference; lastKnownFileType = sourcecode.swift; path = Gleem_iOSUITests.swift; sourceTree = "<group>"; };
		11783E9224B53BA900EEFE80 /* Info.plist */ = {isa = PBXFileReference; lastKnownFileType = text.plist.xml; path = Info.plist; sourceTree = "<group>"; };
		11783E9E24B53BF400EEFE80 /* observer.swift */ = {isa = PBXFileReference; lastKnownFileType = sourcecode.swift; path = observer.swift; sourceTree = "<group>"; };
		11783EA124B53CEB00EEFE80 /* UserApi.swift */ = {isa = PBXFileReference; fileEncoding = 4; lastKnownFileType = sourcecode.swift; path = UserApi.swift; sourceTree = "<group>"; };
		11783EA524B53CEB00EEFE80 /* StorageService.swift */ = {isa = PBXFileReference; fileEncoding = 4; lastKnownFileType = sourcecode.swift; path = StorageService.swift; sourceTree = "<group>"; };
		11783EA624B53CEB00EEFE80 /* UploadViewModel.swift */ = {isa = PBXFileReference; fileEncoding = 4; lastKnownFileType = sourcecode.swift; path = UploadViewModel.swift; sourceTree = "<group>"; };
		11783EA724B53CEB00EEFE80 /* AttributeViewModel.swift */ = {isa = PBXFileReference; fileEncoding = 4; lastKnownFileType = sourcecode.swift; path = AttributeViewModel.swift; sourceTree = "<group>"; };
		11783EA824B53CEB00EEFE80 /* VoteViewModel.swift */ = {isa = PBXFileReference; fileEncoding = 4; lastKnownFileType = sourcecode.swift; path = VoteViewModel.swift; sourceTree = "<group>"; };
		11783EA924B53CEB00EEFE80 /* ChartViewModel.swift */ = {isa = PBXFileReference; fileEncoding = 4; lastKnownFileType = sourcecode.swift; path = ChartViewModel.swift; sourceTree = "<group>"; };
		11783EAA24B53CEB00EEFE80 /* FavoriteViewModel.swift */ = {isa = PBXFileReference; fileEncoding = 4; lastKnownFileType = sourcecode.swift; path = FavoriteViewModel.swift; sourceTree = "<group>"; };
		11783EAC24B53CEB00EEFE80 /* AuthService.swift */ = {isa = PBXFileReference; fileEncoding = 4; lastKnownFileType = sourcecode.swift; path = AuthService.swift; sourceTree = "<group>"; };
		11783EBA24B53D1900EEFE80 /* SafariView.swift */ = {isa = PBXFileReference; fileEncoding = 4; lastKnownFileType = sourcecode.swift; path = SafariView.swift; sourceTree = "<group>"; };
		11783EBB24B53D1900EEFE80 /* FavoriteView.swift */ = {isa = PBXFileReference; fileEncoding = 4; lastKnownFileType = sourcecode.swift; path = FavoriteView.swift; sourceTree = "<group>"; };
		11783EBC24B53D1900EEFE80 /* ChartView.swift */ = {isa = PBXFileReference; fileEncoding = 4; lastKnownFileType = sourcecode.swift; path = ChartView.swift; sourceTree = "<group>"; };
		11783EBE24B53D1900EEFE80 /* AttrButtonView.swift */ = {isa = PBXFileReference; fileEncoding = 4; lastKnownFileType = sourcecode.swift; path = AttrButtonView.swift; sourceTree = "<group>"; };
		11783EC024B53D1900EEFE80 /* MyStaticView.swift */ = {isa = PBXFileReference; fileEncoding = 4; lastKnownFileType = sourcecode.swift; path = MyStaticView.swift; sourceTree = "<group>"; };
		11783EC324B53D1900EEFE80 /* UploadView.swift */ = {isa = PBXFileReference; fileEncoding = 4; lastKnownFileType = sourcecode.swift; path = UploadView.swift; sourceTree = "<group>"; };
		11783EC424B53D1900EEFE80 /* ExpandView.swift */ = {isa = PBXFileReference; fileEncoding = 4; lastKnownFileType = sourcecode.swift; path = ExpandView.swift; sourceTree = "<group>"; };
		11783EC524B53D1900EEFE80 /* SettingView.swift */ = {isa = PBXFileReference; fileEncoding = 4; lastKnownFileType = sourcecode.swift; path = SettingView.swift; sourceTree = "<group>"; };
		11783ED524B53DD800EEFE80 /* Constants.swift */ = {isa = PBXFileReference; fileEncoding = 4; lastKnownFileType = sourcecode.swift; path = Constants.swift; sourceTree = "<group>"; };
		11783ED724B53DD800EEFE80 /* SearchBarView.swift */ = {isa = PBXFileReference; fileEncoding = 4; lastKnownFileType = sourcecode.swift; path = SearchBarView.swift; sourceTree = "<group>"; };
		11783ED824B53DD800EEFE80 /* ImagePicker.swift */ = {isa = PBXFileReference; fileEncoding = 4; lastKnownFileType = sourcecode.swift; path = ImagePicker.swift; sourceTree = "<group>"; };
		11783ED924B53DD800EEFE80 /* SearchBar.swift */ = {isa = PBXFileReference; fileEncoding = 4; lastKnownFileType = sourcecode.swift; path = SearchBar.swift; sourceTree = "<group>"; };
		11783EDA24B53DD800EEFE80 /* Extensions.swift */ = {isa = PBXFileReference; fileEncoding = 4; lastKnownFileType = sourcecode.swift; path = Extensions.swift; sourceTree = "<group>"; };
		11783EDB24B53DD900EEFE80 /* Loader.swift */ = {isa = PBXFileReference; fileEncoding = 4; lastKnownFileType = sourcecode.swift; path = Loader.swift; sourceTree = "<group>"; };
		11783EDC24B53DD900EEFE80 /* Utils.swift */ = {isa = PBXFileReference; fileEncoding = 4; lastKnownFileType = sourcecode.swift; path = Utils.swift; sourceTree = "<group>"; };
		11783EDD24B53DD900EEFE80 /* Modifier.swift */ = {isa = PBXFileReference; fileEncoding = 4; lastKnownFileType = sourcecode.swift; path = Modifier.swift; sourceTree = "<group>"; };
		11783EDE24B53DD900EEFE80 /* Keyboard.swift */ = {isa = PBXFileReference; fileEncoding = 4; lastKnownFileType = sourcecode.swift; path = Keyboard.swift; sourceTree = "<group>"; };
		11783EDF24B53DD900EEFE80 /* LoadingView.swift */ = {isa = PBXFileReference; fileEncoding = 4; lastKnownFileType = sourcecode.swift; path = LoadingView.swift; sourceTree = "<group>"; };
		11783EEC24B53E5000EEFE80 /* FavoriteUser.swift */ = {isa = PBXFileReference; fileEncoding = 4; lastKnownFileType = sourcecode.swift; path = FavoriteUser.swift; sourceTree = "<group>"; };
		11783EEE24B53E5000EEFE80 /* User.swift */ = {isa = PBXFileReference; fileEncoding = 4; lastKnownFileType = sourcecode.swift; path = User.swift; sourceTree = "<group>"; };
		11783EEF24B53E5000EEFE80 /* Vote.swift */ = {isa = PBXFileReference; fileEncoding = 4; lastKnownFileType = sourcecode.swift; path = Vote.swift; sourceTree = "<group>"; };
		11783EF024B53E5000EEFE80 /* MyVote.swift */ = {isa = PBXFileReference; fileEncoding = 4; lastKnownFileType = sourcecode.swift; path = MyVote.swift; sourceTree = "<group>"; };
		11783EF624B53F4700EEFE80 /* GoogleService-Info.plist */ = {isa = PBXFileReference; fileEncoding = 4; lastKnownFileType = text.plist.xml; path = "GoogleService-Info.plist"; sourceTree = "<group>"; };
		11783EF924B57E2200EEFE80 /* ProfileList.swift */ = {isa = PBXFileReference; lastKnownFileType = sourcecode.swift; path = ProfileList.swift; sourceTree = "<group>"; };
		11783EFB24B57FAE00EEFE80 /* MenuView.swift */ = {isa = PBXFileReference; lastKnownFileType = sourcecode.swift; path = MenuView.swift; sourceTree = "<group>"; };
		11783EFD24B6293A00EEFE80 /* BlurView.swift */ = {isa = PBXFileReference; lastKnownFileType = sourcecode.swift; path = BlurView.swift; sourceTree = "<group>"; };
		11783F0724B6A44500EEFE80 /* SuccessView.swift */ = {isa = PBXFileReference; lastKnownFileType = sourcecode.swift; path = SuccessView.swift; sourceTree = "<group>"; };
		11783F0924B6A4DD00EEFE80 /* LottieView.swift */ = {isa = PBXFileReference; lastKnownFileType = sourcecode.swift; path = LottieView.swift; sourceTree = "<group>"; };
		1181FF2E24DCBF3100ED5865 /* heart_beat.json */ = {isa = PBXFileReference; fileEncoding = 4; lastKnownFileType = text.json; path = heart_beat.json; sourceTree = "<group>"; };
		1181FF3024DCE2DF00ED5865 /* MultilineTextField.swift */ = {isa = PBXFileReference; lastKnownFileType = sourcecode.swift; path = MultilineTextField.swift; sourceTree = "<group>"; };
		1181FF3224DF547F00ED5865 /* profile.json */ = {isa = PBXFileReference; fileEncoding = 4; lastKnownFileType = text.json; path = profile.json; sourceTree = "<group>"; };
		1181FF3524E098E500ED5865 /* StatView.swift */ = {isa = PBXFileReference; lastKnownFileType = sourcecode.swift; path = StatView.swift; sourceTree = "<group>"; };
		1181FF3724E0A2FC00ED5865 /* HistoryView.swift */ = {isa = PBXFileReference; lastKnownFileType = sourcecode.swift; path = HistoryView.swift; sourceTree = "<group>"; };
		1181FF3B24E0A35D00ED5865 /* HeaderModel.swift */ = {isa = PBXFileReference; fileEncoding = 4; lastKnownFileType = sourcecode.swift; path = HeaderModel.swift; sourceTree = "<group>"; };
		1181FF3D24E0A43100ED5865 /* PastVotePictureView.swift */ = {isa = PBXFileReference; lastKnownFileType = sourcecode.swift; path = PastVotePictureView.swift; sourceTree = "<group>"; };
		1181FF3F24E0C4CC00ED5865 /* HistoryViewModel.swift */ = {isa = PBXFileReference; lastKnownFileType = sourcecode.swift; path = HistoryViewModel.swift; sourceTree = "<group>"; };
		1181FF4124E235D600ED5865 /* Reachabilty.swift */ = {isa = PBXFileReference; lastKnownFileType = sourcecode.swift; path = Reachabilty.swift; sourceTree = "<group>"; };
		1181FF4324E38B8A00ED5865 /* BannerAdView.swift */ = {isa = PBXFileReference; lastKnownFileType = sourcecode.swift; path = BannerAdView.swift; sourceTree = "<group>"; };
		1189A19A24E621CE0042FE8D /* LocalNotificationManager.swift */ = {isa = PBXFileReference; lastKnownFileType = sourcecode.swift; path = LocalNotificationManager.swift; sourceTree = "<group>"; };
		118BAC1A24CB6BA800989F47 /* break-heart.json */ = {isa = PBXFileReference; fileEncoding = 4; lastKnownFileType = text.json; path = "break-heart.json"; sourceTree = "<group>"; };
		118BAC1D24CB7D1B00989F47 /* KeyboardObserving.swift */ = {isa = PBXFileReference; lastKnownFileType = sourcecode.swift; path = KeyboardObserving.swift; sourceTree = "<group>"; };
		118BAC1F24CB9BEA00989F47 /* EmptyChattingView.swift */ = {isa = PBXFileReference; lastKnownFileType = sourcecode.swift; path = EmptyChattingView.swift; sourceTree = "<group>"; };
		118BAC2124CBA92700989F47 /* no-chat.json */ = {isa = PBXFileReference; fileEncoding = 4; lastKnownFileType = text.json; path = "no-chat.json"; sourceTree = "<group>"; };
		118BAC2324CBD94800989F47 /* no-chat2.json */ = {isa = PBXFileReference; fileEncoding = 4; lastKnownFileType = text.json; path = "no-chat2.json"; sourceTree = "<group>"; };
		118BAC2724CBDD6A00989F47 /* noti.json */ = {isa = PBXFileReference; fileEncoding = 4; lastKnownFileType = text.json; path = noti.json; sourceTree = "<group>"; };
		118BAC2B24CCC02500989F47 /* femaie.json */ = {isa = PBXFileReference; fileEncoding = 4; lastKnownFileType = text.json; path = femaie.json; sourceTree = "<group>"; };
		11982E6F24CFA60C00DC57E2 /* CreditCard.swift */ = {isa = PBXFileReference; lastKnownFileType = sourcecode.swift; path = CreditCard.swift; sourceTree = "<group>"; };
		11982E7124CFA63600DC57E2 /* PaymentView.swift */ = {isa = PBXFileReference; lastKnownFileType = sourcecode.swift; path = PaymentView.swift; sourceTree = "<group>"; };
		11B5ECE224BB7D920055700B /* Chat.swift */ = {isa = PBXFileReference; lastKnownFileType = sourcecode.swift; path = Chat.swift; sourceTree = "<group>"; };
		11B5ECE424BB7DA50055700B /* InboxMessage.swift */ = {isa = PBXFileReference; lastKnownFileType = sourcecode.swift; path = InboxMessage.swift; sourceTree = "<group>"; };
		11B5ECEE24BB802D0055700B /* UserViewModel.swift */ = {isa = PBXFileReference; fileEncoding = 4; lastKnownFileType = sourcecode.swift; path = UserViewModel.swift; sourceTree = "<group>"; };
		11B5ECF024BB8A320055700B /* Api.swift */ = {isa = PBXFileReference; lastKnownFileType = sourcecode.swift; path = Api.swift; sourceTree = "<group>"; };
		11B5ECF224BB8A6F0055700B /* ChatApi.swift */ = {isa = PBXFileReference; lastKnownFileType = sourcecode.swift; path = ChatApi.swift; sourceTree = "<group>"; };
		11B5ECF424BB99C90055700B /* MessagesView.swift */ = {isa = PBXFileReference; lastKnownFileType = sourcecode.swift; path = MessagesView.swift; sourceTree = "<group>"; };
		11B5ECF624BB99F80055700B /* MessageViewModel.swift */ = {isa = PBXFileReference; fileEncoding = 4; lastKnownFileType = sourcecode.swift; path = MessageViewModel.swift; sourceTree = "<group>"; };
		11B5ECF824BB9A150055700B /* ChatView.swift */ = {isa = PBXFileReference; fileEncoding = 4; lastKnownFileType = sourcecode.swift; path = ChatView.swift; sourceTree = "<group>"; };
		11B5ECFA24BB9A2B0055700B /* ChatViewModel.swift */ = {isa = PBXFileReference; fileEncoding = 4; lastKnownFileType = sourcecode.swift; path = ChatViewModel.swift; sourceTree = "<group>"; };
		11B5ECFE24BBAC700055700B /* CustomScrollView.swift */ = {isa = PBXFileReference; lastKnownFileType = sourcecode.swift; path = CustomScrollView.swift; sourceTree = "<group>"; };
		11B5ED0024BC210E0055700B /* RatingDetailView.swift */ = {isa = PBXFileReference; lastKnownFileType = sourcecode.swift; path = RatingDetailView.swift; sourceTree = "<group>"; };
		11B5ED0224BCC3690055700B /* ProfileView.swift */ = {isa = PBXFileReference; lastKnownFileType = sourcecode.swift; path = ProfileView.swift; sourceTree = "<group>"; };
		11B5ED0424BD02E70055700B /* Notification.swift */ = {isa = PBXFileReference; lastKnownFileType = sourcecode.swift; path = Notification.swift; sourceTree = "<group>"; };
		11B5ED0624BD17EC0055700B /* ActivityApi.swift */ = {isa = PBXFileReference; lastKnownFileType = sourcecode.swift; path = ActivityApi.swift; sourceTree = "<group>"; };
		11B5ED0824BD180A0055700B /* ActivityViewModel.swift */ = {isa = PBXFileReference; lastKnownFileType = sourcecode.swift; path = ActivityViewModel.swift; sourceTree = "<group>"; };
		11B5ED0A24BD35C50055700B /* NotificationView.swift */ = {isa = PBXFileReference; lastKnownFileType = sourcecode.swift; path = NotificationView.swift; sourceTree = "<group>"; };
		11B5ED0C24BDF99F0055700B /* CookieRun Regular.ttf */ = {isa = PBXFileReference; lastKnownFileType = file; path = "CookieRun Regular.ttf"; sourceTree = "<group>"; };
		11B5ED1024BDFB6C0055700B /* JSDongkang-Regular.ttf */ = {isa = PBXFileReference; lastKnownFileType = file; path = "JSDongkang-Regular.ttf"; sourceTree = "<group>"; };
		11B5ED1E24BE083E0055700B /* HeaderView.swift */ = {isa = PBXFileReference; lastKnownFileType = sourcecode.swift; name = HeaderView.swift; path = Gleem_iOS/Views/HeaderView.swift; sourceTree = SOURCE_ROOT; };
		11B5ED2024BE08560055700B /* InfoView.swift */ = {isa = PBXFileReference; lastKnownFileType = sourcecode.swift; name = InfoView.swift; path = Gleem_iOS/Views/InfoView.swift; sourceTree = SOURCE_ROOT; };
		11B5ED2224BE086D0055700B /* FooterView.swift */ = {isa = PBXFileReference; lastKnownFileType = sourcecode.swift; name = FooterView.swift; path = Gleem_iOS/Views/FooterView.swift; sourceTree = SOURCE_ROOT; };
		11B5ED2424BE087F0055700B /* CardListview.swift */ = {isa = PBXFileReference; lastKnownFileType = sourcecode.swift; name = CardListview.swift; path = Gleem_iOS/Views/CardListview.swift; sourceTree = SOURCE_ROOT; };
		11B5ED2624BE08A90055700B /* MainCardView.swift */ = {isa = PBXFileReference; lastKnownFileType = sourcecode.swift; name = MainCardView.swift; path = Gleem_iOS/Views/MainCardView.swift; sourceTree = SOURCE_ROOT; };
		11B5ED2824BE0C650055700B /* JSDongkang-Bold.ttf */ = {isa = PBXFileReference; lastKnownFileType = file; name = "JSDongkang-Bold.ttf"; path = "../../../../../Downloads/JSDongkang-Bold.ttf"; sourceTree = "<group>"; };
		11B5ED2924BE20F20055700B /* FlagView.swift */ = {isa = PBXFileReference; lastKnownFileType = sourcecode.swift; path = FlagView.swift; sourceTree = "<group>"; };
		11B5ED2D24BEAC170055700B /* Flag.swift */ = {isa = PBXFileReference; lastKnownFileType = sourcecode.swift; path = Flag.swift; sourceTree = "<group>"; };
		11B5ED2F24BEAE2E0055700B /* FlagApi.swift */ = {isa = PBXFileReference; lastKnownFileType = sourcecode.swift; path = FlagApi.swift; sourceTree = "<group>"; };
		11CCBEC924D51D72005C99A0 /* plus.json */ = {isa = PBXFileReference; fileEncoding = 4; lastKnownFileType = text.json; path = plus.json; sourceTree = "<group>"; };
		11FA744C24B7FACB008009A1 /* GuideComponent.swift */ = {isa = PBXFileReference; fileEncoding = 4; lastKnownFileType = sourcecode.swift; path = GuideComponent.swift; sourceTree = "<group>"; };
		11FA744D24B7FACB008009A1 /* HeaderComponent.swift */ = {isa = PBXFileReference; fileEncoding = 4; lastKnownFileType = sourcecode.swift; path = HeaderComponent.swift; sourceTree = "<group>"; };
		11FA745124B7FAF4008009A1 /* TitleModifier.swift */ = {isa = PBXFileReference; fileEncoding = 4; lastKnownFileType = sourcecode.swift; path = TitleModifier.swift; sourceTree = "<group>"; };
		11FA745224B7FAF4008009A1 /* ButtonModifier.swift */ = {isa = PBXFileReference; fileEncoding = 4; lastKnownFileType = sourcecode.swift; path = ButtonModifier.swift; sourceTree = "<group>"; };
		11FA745324B7FAF4008009A1 /* SymbolModifier.swift */ = {isa = PBXFileReference; fileEncoding = 4; lastKnownFileType = sourcecode.swift; path = SymbolModifier.swift; sourceTree = "<group>"; };
		13D581F1EBB48085BFB33E92 /* Pods_Gleem_iOSTests.framework */ = {isa = PBXFileReference; explicitFileType = wrapper.framework; includeInIndex = 0; path = Pods_Gleem_iOSTests.framework; sourceTree = BUILT_PRODUCTS_DIR; };
		37E974150556C476F44ADAEE /* Pods-Gleem_iOSTests.debug.xcconfig */ = {isa = PBXFileReference; includeInIndex = 1; lastKnownFileType = text.xcconfig; name = "Pods-Gleem_iOSTests.debug.xcconfig"; path = "Target Support Files/Pods-Gleem_iOSTests/Pods-Gleem_iOSTests.debug.xcconfig"; sourceTree = "<group>"; };
		642E4AD276EFB745B826A59E /* Pods_Gleem_iOS_Gleem_iOSUITests.framework */ = {isa = PBXFileReference; explicitFileType = wrapper.framework; includeInIndex = 0; path = Pods_Gleem_iOS_Gleem_iOSUITests.framework; sourceTree = BUILT_PRODUCTS_DIR; };
		65130D1DFFE2C0DF99EF3327 /* Pods-Gleem_iOS-Gleem_iOSUITests.debug.xcconfig */ = {isa = PBXFileReference; includeInIndex = 1; lastKnownFileType = text.xcconfig; name = "Pods-Gleem_iOS-Gleem_iOSUITests.debug.xcconfig"; path = "Target Support Files/Pods-Gleem_iOS-Gleem_iOSUITests/Pods-Gleem_iOS-Gleem_iOSUITests.debug.xcconfig"; sourceTree = "<group>"; };
		71926438D528741D2605F13F /* Pods_Gleem_iOS.framework */ = {isa = PBXFileReference; explicitFileType = wrapper.framework; includeInIndex = 0; path = Pods_Gleem_iOS.framework; sourceTree = BUILT_PRODUCTS_DIR; };
		8BFFE5EFFB2C85D1F4A0E8DC /* Pods-Gleem_iOS-Gleem_iOSUITests.release.xcconfig */ = {isa = PBXFileReference; includeInIndex = 1; lastKnownFileType = text.xcconfig; name = "Pods-Gleem_iOS-Gleem_iOSUITests.release.xcconfig"; path = "Target Support Files/Pods-Gleem_iOS-Gleem_iOSUITests/Pods-Gleem_iOS-Gleem_iOSUITests.release.xcconfig"; sourceTree = "<group>"; };
		A3A5A02540E265FA2316B592 /* Pods-Gleem_iOSTests.release.xcconfig */ = {isa = PBXFileReference; includeInIndex = 1; lastKnownFileType = text.xcconfig; name = "Pods-Gleem_iOSTests.release.xcconfig"; path = "Target Support Files/Pods-Gleem_iOSTests/Pods-Gleem_iOSTests.release.xcconfig"; sourceTree = "<group>"; };
		B3F2457DFCF21F207F37E863 /* Pods-Gleem_iOS.debug.xcconfig */ = {isa = PBXFileReference; includeInIndex = 1; lastKnownFileType = text.xcconfig; name = "Pods-Gleem_iOS.debug.xcconfig"; path = "Target Support Files/Pods-Gleem_iOS/Pods-Gleem_iOS.debug.xcconfig"; sourceTree = "<group>"; };
		C0B454CFC04CA0A6EC33835B /* Pods-Gleem_iOS.release.xcconfig */ = {isa = PBXFileReference; includeInIndex = 1; lastKnownFileType = text.xcconfig; name = "Pods-Gleem_iOS.release.xcconfig"; path = "Target Support Files/Pods-Gleem_iOS/Pods-Gleem_iOS.release.xcconfig"; sourceTree = "<group>"; };
/* End PBXFileReference section */

/* Begin PBXFrameworksBuildPhase section */
		11783E6524B53BA500EEFE80 /* Frameworks */ = {
			isa = PBXFrameworksBuildPhase;
			buildActionMask = 2147483647;
			files = (
				479C31DFEC18D199D28D10CF /* Pods_Gleem_iOS.framework in Frameworks */,
			);
			runOnlyForDeploymentPostprocessing = 0;
		};
		11783E7E24B53BA900EEFE80 /* Frameworks */ = {
			isa = PBXFrameworksBuildPhase;
			buildActionMask = 2147483647;
			files = (
				08CF942323008CFCD2A1F2C8 /* Pods_Gleem_iOSTests.framework in Frameworks */,
			);
			runOnlyForDeploymentPostprocessing = 0;
		};
		11783E8924B53BA900EEFE80 /* Frameworks */ = {
			isa = PBXFrameworksBuildPhase;
			buildActionMask = 2147483647;
			files = (
				4E1A5804F030D814B756C651 /* Pods_Gleem_iOS_Gleem_iOSUITests.framework in Frameworks */,
			);
			runOnlyForDeploymentPostprocessing = 0;
		};
/* End PBXFrameworksBuildPhase section */

/* Begin PBXGroup section */
		11783E5F24B53BA500EEFE80 = {
			isa = PBXGroup;
			children = (
				11783E6A24B53BA500EEFE80 /* Gleem_iOS */,
				11783E8424B53BA900EEFE80 /* Gleem_iOSTests */,
				11783E8F24B53BA900EEFE80 /* Gleem_iOSUITests */,
				11783E6924B53BA500EEFE80 /* Products */,
				16F37E861AA445E94CE5E3D7 /* Pods */,
				BEC01A12ADFBF16F5EEA21FE /* Frameworks */,
			);
			sourceTree = "<group>";
		};
		11783E6924B53BA500EEFE80 /* Products */ = {
			isa = PBXGroup;
			children = (
				11783E6824B53BA500EEFE80 /* Gleem 데이팅.app */,
				11783E8124B53BA900EEFE80 /* Gleem_iOSTests.xctest */,
				11783E8C24B53BA900EEFE80 /* Gleem_iOSUITests.xctest */,
			);
			name = Products;
			sourceTree = "<group>";
		};
		11783E6A24B53BA500EEFE80 /* Gleem_iOS */ = {
			isa = PBXGroup;
			children = (
				11B5ED1524BE05E90055700B /* Font */,
				11FA745024B7FAF4008009A1 /* Modifier */,
				11FA744B24B7FACB008009A1 /* Component */,
				11783E6B24B53BA500EEFE80 /* AppDelegate.swift */,
				11783E6D24B53BA500EEFE80 /* SceneDelegate.swift */,
				11783E7224B53BA500EEFE80 /* ContentView.swift */,
				11783EF624B53F4700EEFE80 /* GoogleService-Info.plist */,
				11783EEB24B53E5000EEFE80 /* Model */,
				11783ED424B53DD800EEFE80 /* Helper */,
				11783EB924B53D1900EEFE80 /* Views */,
				11783EAB24B53CEB00EEFE80 /* Service */,
				11783EA224B53CEB00EEFE80 /* ViewModel */,
				11783E7424B53BA900EEFE80 /* Assets.xcassets */,
				11783E7924B53BA900EEFE80 /* LaunchScreen.storyboard */,
				11783E7C24B53BA900EEFE80 /* Info.plist */,
				11783E6F24B53BA500EEFE80 /* Gleem_iOS.xcdatamodeld */,
				11783E7624B53BA900EEFE80 /* Preview Content */,
			);
			path = Gleem_iOS;
			sourceTree = "<group>";
		};
		11783E7624B53BA900EEFE80 /* Preview Content */ = {
			isa = PBXGroup;
			children = (
				11783E7724B53BA900EEFE80 /* Preview Assets.xcassets */,
			);
			path = "Preview Content";
			sourceTree = "<group>";
		};
		11783E8424B53BA900EEFE80 /* Gleem_iOSTests */ = {
			isa = PBXGroup;
			children = (
				11783E8524B53BA900EEFE80 /* Gleem_iOSTests.swift */,
				11783E8724B53BA900EEFE80 /* Info.plist */,
			);
			path = Gleem_iOSTests;
			sourceTree = "<group>";
		};
		11783E8F24B53BA900EEFE80 /* Gleem_iOSUITests */ = {
			isa = PBXGroup;
			children = (
				11783E9024B53BA900EEFE80 /* Gleem_iOSUITests.swift */,
				11783E9224B53BA900EEFE80 /* Info.plist */,
			);
			path = Gleem_iOSUITests;
			sourceTree = "<group>";
		};
		11783EA224B53CEB00EEFE80 /* ViewModel */ = {
			isa = PBXGroup;
			children = (
				11783E9E24B53BF400EEFE80 /* observer.swift */,
				1153A78624B966AE00CE3574 /* SigninViewModel.swift */,
				11B5ECEE24BB802D0055700B /* UserViewModel.swift */,
				11B5ECF624BB99F80055700B /* MessageViewModel.swift */,
				1153A78524B966AD00CE3574 /* SignupViewModel.swift */,
				11783EA524B53CEB00EEFE80 /* StorageService.swift */,
				11783EA624B53CEB00EEFE80 /* UploadViewModel.swift */,
				11B5ECFA24BB9A2B0055700B /* ChatViewModel.swift */,
				11783EA724B53CEB00EEFE80 /* AttributeViewModel.swift */,
				11783EA824B53CEB00EEFE80 /* VoteViewModel.swift */,
				11783EA924B53CEB00EEFE80 /* ChartViewModel.swift */,
				11783EAA24B53CEB00EEFE80 /* FavoriteViewModel.swift */,
				11B5ED0824BD180A0055700B /* ActivityViewModel.swift */,
				11143D3624C4ADDC0082E48F /* MatchingViewModel.swift */,
				1181FF3F24E0C4CC00ED5865 /* HistoryViewModel.swift */,
			);
			path = ViewModel;
			sourceTree = "<group>";
		};
		11783EAB24B53CEB00EEFE80 /* Service */ = {
			isa = PBXGroup;
			children = (
				11B5ED0624BD17EC0055700B /* ActivityApi.swift */,
				11783EA124B53CEB00EEFE80 /* UserApi.swift */,
				11783EAC24B53CEB00EEFE80 /* AuthService.swift */,
				11B5ECF024BB8A320055700B /* Api.swift */,
				11B5ECF224BB8A6F0055700B /* ChatApi.swift */,
				11B5ED2F24BEAE2E0055700B /* FlagApi.swift */,
				11143D3824C4AE380082E48F /* MatchingApi.swift */,
			);
			path = Service;
			sourceTree = "<group>";
		};
		11783EB924B53D1900EEFE80 /* Views */ = {
			isa = PBXGroup;
			children = (
				1181FF3424E098CC00ED5865 /* History */,
				11982E6E24CFA5EC00DC57E2 /* PayMent */,
				11B5ECFD24BB9F5B0055700B /* Auth */,
				11B5ECFC24BB9F480055700B /* Chat */,
				11783EF824B57DFC00EEFE80 /* CardViewMain */,
				11783EBA24B53D1900EEFE80 /* SafariView.swift */,
				11783EBB24B53D1900EEFE80 /* FavoriteView.swift */,
				11783EBC24B53D1900EEFE80 /* ChartView.swift */,
				11783EBE24B53D1900EEFE80 /* AttrButtonView.swift */,
				11783EC024B53D1900EEFE80 /* MyStaticView.swift */,
				11783EC324B53D1900EEFE80 /* UploadView.swift */,
				11783EC424B53D1900EEFE80 /* ExpandView.swift */,
				11783EC524B53D1900EEFE80 /* SettingView.swift */,
				11783EF924B57E2200EEFE80 /* ProfileList.swift */,
				11783EFB24B57FAE00EEFE80 /* MenuView.swift */,
				11783F0724B6A44500EEFE80 /* SuccessView.swift */,
				11B5ED0024BC210E0055700B /* RatingDetailView.swift */,
				11B5ED0224BCC3690055700B /* ProfileView.swift */,
				11B5ED0A24BD35C50055700B /* NotificationView.swift */,
				11B5ED2924BE20F20055700B /* FlagView.swift */,
				1153A79924B97F6400CE3574 /* InitialView.swift */,
			);
			path = Views;
			sourceTree = "<group>";
		};
		11783ED424B53DD800EEFE80 /* Helper */ = {
			isa = PBXGroup;
			children = (
				118BAC1C24CB6BB500989F47 /* Lottie Json */,
				11783ED524B53DD800EEFE80 /* Constants.swift */,
				11783ED724B53DD800EEFE80 /* SearchBarView.swift */,
				11783ED824B53DD800EEFE80 /* ImagePicker.swift */,
				11783ED924B53DD800EEFE80 /* SearchBar.swift */,
				11783EDA24B53DD800EEFE80 /* Extensions.swift */,
				11783EDB24B53DD900EEFE80 /* Loader.swift */,
				11783EDC24B53DD900EEFE80 /* Utils.swift */,
				11783EFD24B6293A00EEFE80 /* BlurView.swift */,
				11783F0924B6A4DD00EEFE80 /* LottieView.swift */,
				1153A7A824BA023F00CE3574 /* CustomController.swift */,
				118BAC1D24CB7D1B00989F47 /* KeyboardObserving.swift */,
				1181FF3024DCE2DF00ED5865 /* MultilineTextField.swift */,
				1181FF4124E235D600ED5865 /* Reachabilty.swift */,
				1181FF4324E38B8A00ED5865 /* BannerAdView.swift */,
				1189A19A24E621CE0042FE8D /* LocalNotificationManager.swift */,
				1101C1AA24F1794500F7C792 /* LocationManager.swift */,
			);
			path = Helper;
			sourceTree = "<group>";
		};
		11783EEB24B53E5000EEFE80 /* Model */ = {
			isa = PBXGroup;
			children = (
				1181FF3B24E0A35D00ED5865 /* HeaderModel.swift */,
				11783EEC24B53E5000EEFE80 /* FavoriteUser.swift */,
				11783EEE24B53E5000EEFE80 /* User.swift */,
				11783EEF24B53E5000EEFE80 /* Vote.swift */,
				1153A7AE24BA9BD800CE3574 /* ActiveVote.swift */,
				11783EF024B53E5000EEFE80 /* MyVote.swift */,
				11B5ECE224BB7D920055700B /* Chat.swift */,
				11B5ECE424BB7DA50055700B /* InboxMessage.swift */,
				11B5ED0424BD02E70055700B /* Notification.swift */,
				11B5ED2D24BEAC170055700B /* Flag.swift */,
				11143D3A24C4AEC70082E48F /* Match.swift */,
				1101C1AC24F1D1CC00F7C792 /* UserProfile.swift */,
				116AB5C9250895D0003D1D47 /* ActiveVote_NEW.swift */,
				116AB5CB25094497003D1D47 /* Activity.swift */,
			);
			path = Model;
			sourceTree = "<group>";
		};
		11783EF824B57DFC00EEFE80 /* CardViewMain */ = {
			isa = PBXGroup;
			children = (
				11B5ED1E24BE083E0055700B /* HeaderView.swift */,
				11B5ED2024BE08560055700B /* InfoView.swift */,
				11B5ED2224BE086D0055700B /* FooterView.swift */,
				11B5ED2424BE087F0055700B /* CardListview.swift */,
				11B5ED2624BE08A90055700B /* MainCardView.swift */,
			);
			path = CardViewMain;
			sourceTree = "<group>";
		};
		1181FF3424E098CC00ED5865 /* History */ = {
			isa = PBXGroup;
			children = (
				1181FF3524E098E500ED5865 /* StatView.swift */,
				1181FF3724E0A2FC00ED5865 /* HistoryView.swift */,
				1181FF3D24E0A43100ED5865 /* PastVotePictureView.swift */,
			);
			path = History;
			sourceTree = "<group>";
		};
		118BAC1C24CB6BB500989F47 /* Lottie Json */ = {
			isa = PBXGroup;
			children = (
				1181FF2E24DCBF3100ED5865 /* heart_beat.json */,
				11CCBEC924D51D72005C99A0 /* plus.json */,
				118BAC2B24CCC02500989F47 /* femaie.json */,
				118BAC2124CBA92700989F47 /* no-chat.json */,
				1181FF3224DF547F00ED5865 /* profile.json */,
				11143D3424C268920082E48F /* radar-motion.json */,
				118BAC2324CBD94800989F47 /* no-chat2.json */,
				118BAC2724CBDD6A00989F47 /* noti.json */,
				11143D3224C25ED50082E48F /* radar.json */,
				118BAC1A24CB6BA800989F47 /* break-heart.json */,
				11143D2724C242320082E48F /* heart2.json */,
				11143D2624C242320082E48F /* heart.json */,
			);
			path = "Lottie Json";
			sourceTree = "<group>";
		};
		11982E6E24CFA5EC00DC57E2 /* PayMent */ = {
			isa = PBXGroup;
			children = (
				11982E6F24CFA60C00DC57E2 /* CreditCard.swift */,
				11982E7124CFA63600DC57E2 /* PaymentView.swift */,
			);
			path = PayMent;
			sourceTree = "<group>";
		};
		11B5ECFC24BB9F480055700B /* Chat */ = {
			isa = PBXGroup;
			children = (
				11607FBC24FF02BD00A243D0 /* ChatFlagView.swift */,
				11B5ECF824BB9A150055700B /* ChatView.swift */,
				11B5ECF424BB99C90055700B /* MessagesView.swift */,
				11B5ECFE24BBAC700055700B /* CustomScrollView.swift */,
				118BAC1F24CB9BEA00989F47 /* EmptyChattingView.swift */,
			);
			path = Chat;
			sourceTree = "<group>";
		};
		11B5ECFD24BB9F5B0055700B /* Auth */ = {
			isa = PBXGroup;
			children = (
				1153A79624B967FE00CE3574 /* LoginView.swift */,
				1153A79524B967FE00CE3574 /* SignUpView.swift */,
			);
			path = Auth;
			sourceTree = "<group>";
		};
		11B5ED1524BE05E90055700B /* Font */ = {
			isa = PBXGroup;
			children = (
				11B5ED1024BDFB6C0055700B /* JSDongkang-Regular.ttf */,
				11B5ED2824BE0C650055700B /* JSDongkang-Bold.ttf */,
				11B5ED0C24BDF99F0055700B /* CookieRun Regular.ttf */,
			);
			name = Font;
			path = CardViewMain;
			sourceTree = "<group>";
		};
		11FA744B24B7FACB008009A1 /* Component */ = {
			isa = PBXGroup;
			children = (
				11783EDF24B53DD900EEFE80 /* LoadingView.swift */,
				1153A78B24B9679100CE3574 /* EmailTextField.swift */,
				1153A78C24B9679100CE3574 /* PasswordTextField.swift */,
				1153A78A24B9679100CE3574 /* SigninButton.swift */,
				1153A78D24B9679200CE3574 /* SignupButton.swift */,
				1153A78E24B9679200CE3574 /* SignupText.swift */,
				1153A78924B9679100CE3574 /* UsernameTextField.swift */,
				11FA744C24B7FACB008009A1 /* GuideComponent.swift */,
				11FA744D24B7FACB008009A1 /* HeaderComponent.swift */,
			);
			path = Component;
			sourceTree = "<group>";
		};
		11FA745024B7FAF4008009A1 /* Modifier */ = {
			isa = PBXGroup;
			children = (
				11783EDD24B53DD900EEFE80 /* Modifier.swift */,
				11783EDE24B53DD900EEFE80 /* Keyboard.swift */,
				11FA745124B7FAF4008009A1 /* TitleModifier.swift */,
				11FA745224B7FAF4008009A1 /* ButtonModifier.swift */,
				11FA745324B7FAF4008009A1 /* SymbolModifier.swift */,
			);
			path = Modifier;
			sourceTree = "<group>";
		};
		16F37E861AA445E94CE5E3D7 /* Pods */ = {
			isa = PBXGroup;
			children = (
				B3F2457DFCF21F207F37E863 /* Pods-Gleem_iOS.debug.xcconfig */,
				C0B454CFC04CA0A6EC33835B /* Pods-Gleem_iOS.release.xcconfig */,
				65130D1DFFE2C0DF99EF3327 /* Pods-Gleem_iOS-Gleem_iOSUITests.debug.xcconfig */,
				8BFFE5EFFB2C85D1F4A0E8DC /* Pods-Gleem_iOS-Gleem_iOSUITests.release.xcconfig */,
				37E974150556C476F44ADAEE /* Pods-Gleem_iOSTests.debug.xcconfig */,
				A3A5A02540E265FA2316B592 /* Pods-Gleem_iOSTests.release.xcconfig */,
			);
			path = Pods;
			sourceTree = "<group>";
		};
		BEC01A12ADFBF16F5EEA21FE /* Frameworks */ = {
			isa = PBXGroup;
			children = (
				71926438D528741D2605F13F /* Pods_Gleem_iOS.framework */,
				642E4AD276EFB745B826A59E /* Pods_Gleem_iOS_Gleem_iOSUITests.framework */,
				13D581F1EBB48085BFB33E92 /* Pods_Gleem_iOSTests.framework */,
			);
			name = Frameworks;
			sourceTree = "<group>";
		};
/* End PBXGroup section */

/* Begin PBXNativeTarget section */
		11783E6724B53BA500EEFE80 /* Gleem_iOS */ = {
			isa = PBXNativeTarget;
			buildConfigurationList = 11783E9524B53BA900EEFE80 /* Build configuration list for PBXNativeTarget "Gleem_iOS" */;
			buildPhases = (
				577B8BF9441C889F162B799B /* [CP] Check Pods Manifest.lock */,
				11783E6424B53BA500EEFE80 /* Sources */,
				11783E6524B53BA500EEFE80 /* Frameworks */,
				11783E6624B53BA500EEFE80 /* Resources */,
				B77596ECF9D95CAF325CC84C /* [CP] Embed Pods Frameworks */,
			);
			buildRules = (
			);
			dependencies = (
			);
			name = Gleem_iOS;
			productName = Gleem_iOS;
			productReference = 11783E6824B53BA500EEFE80 /* Gleem 데이팅.app */;
			productType = "com.apple.product-type.application";
		};
		11783E8024B53BA900EEFE80 /* Gleem_iOSTests */ = {
			isa = PBXNativeTarget;
			buildConfigurationList = 11783E9824B53BA900EEFE80 /* Build configuration list for PBXNativeTarget "Gleem_iOSTests" */;
			buildPhases = (
				BD4DB6B8885888DD91FBDF9F /* [CP] Check Pods Manifest.lock */,
				11783E7D24B53BA900EEFE80 /* Sources */,
				11783E7E24B53BA900EEFE80 /* Frameworks */,
				11783E7F24B53BA900EEFE80 /* Resources */,
			);
			buildRules = (
			);
			dependencies = (
				11783E8324B53BA900EEFE80 /* PBXTargetDependency */,
			);
			name = Gleem_iOSTests;
			productName = Gleem_iOSTests;
			productReference = 11783E8124B53BA900EEFE80 /* Gleem_iOSTests.xctest */;
			productType = "com.apple.product-type.bundle.unit-test";
		};
		11783E8B24B53BA900EEFE80 /* Gleem_iOSUITests */ = {
			isa = PBXNativeTarget;
			buildConfigurationList = 11783E9B24B53BA900EEFE80 /* Build configuration list for PBXNativeTarget "Gleem_iOSUITests" */;
			buildPhases = (
				01D4D0699E9AF068BD34D10F /* [CP] Check Pods Manifest.lock */,
				11783E8824B53BA900EEFE80 /* Sources */,
				11783E8924B53BA900EEFE80 /* Frameworks */,
				11783E8A24B53BA900EEFE80 /* Resources */,
				F2BF49D28462E73E69B425FD /* [CP] Embed Pods Frameworks */,
			);
			buildRules = (
			);
			dependencies = (
				11783E8E24B53BA900EEFE80 /* PBXTargetDependency */,
			);
			name = Gleem_iOSUITests;
			productName = Gleem_iOSUITests;
			productReference = 11783E8C24B53BA900EEFE80 /* Gleem_iOSUITests.xctest */;
			productType = "com.apple.product-type.bundle.ui-testing";
		};
/* End PBXNativeTarget section */

/* Begin PBXProject section */
		11783E6024B53BA500EEFE80 /* Project object */ = {
			isa = PBXProject;
			attributes = {
				LastSwiftUpdateCheck = 1150;
				LastUpgradeCheck = 1150;
				ORGANIZATIONNAME = "Dustin yang";
				TargetAttributes = {
					11783E6724B53BA500EEFE80 = {
						CreatedOnToolsVersion = 11.5;
					};
					11783E8024B53BA900EEFE80 = {
						CreatedOnToolsVersion = 11.5;
						TestTargetID = 11783E6724B53BA500EEFE80;
					};
					11783E8B24B53BA900EEFE80 = {
						CreatedOnToolsVersion = 11.5;
						TestTargetID = 11783E6724B53BA500EEFE80;
					};
				};
			};
			buildConfigurationList = 11783E6324B53BA500EEFE80 /* Build configuration list for PBXProject "Gleem_iOS" */;
			compatibilityVersion = "Xcode 9.3";
			developmentRegion = en;
			hasScannedForEncodings = 0;
			knownRegions = (
				en,
				Base,
			);
			mainGroup = 11783E5F24B53BA500EEFE80;
			productRefGroup = 11783E6924B53BA500EEFE80 /* Products */;
			projectDirPath = "";
			projectRoot = "";
			targets = (
				11783E6724B53BA500EEFE80 /* Gleem_iOS */,
				11783E8024B53BA900EEFE80 /* Gleem_iOSTests */,
				11783E8B24B53BA900EEFE80 /* Gleem_iOSUITests */,
			);
		};
/* End PBXProject section */

/* Begin PBXResourcesBuildPhase section */
		11783E6624B53BA500EEFE80 /* Resources */ = {
			isa = PBXResourcesBuildPhase;
			buildActionMask = 2147483647;
			files = (
				11783EF724B53F4700EEFE80 /* GoogleService-Info.plist in Resources */,
				11B5ED0D24BDF9A10055700B /* CookieRun Regular.ttf in Resources */,
				118BAC2224CBA92700989F47 /* no-chat.json in Resources */,
				1181FF3324DF548000ED5865 /* profile.json in Resources */,
				11CCBECA24D51D72005C99A0 /* plus.json in Resources */,
				11783E7B24B53BA900EEFE80 /* LaunchScreen.storyboard in Resources */,
				11143D3324C25ED60082E48F /* radar.json in Resources */,
				118BAC1B24CB6BA900989F47 /* break-heart.json in Resources */,
				118BAC2824CBDD6A00989F47 /* noti.json in Resources */,
				1181FF2F24DCBF3500ED5865 /* heart_beat.json in Resources */,
				11B5ED1124BDFB6D0055700B /* JSDongkang-Regular.ttf in Resources */,
				11143D2824C242330082E48F /* heart.json in Resources */,
				118BAC2C24CCC02B00989F47 /* femaie.json in Resources */,
				118BAC2424CBD94A00989F47 /* no-chat2.json in Resources */,
				11143D3524C268940082E48F /* radar-motion.json in Resources */,
				11143D2924C242330082E48F /* heart2.json in Resources */,
				11783E7824B53BA900EEFE80 /* Preview Assets.xcassets in Resources */,
				11783E7524B53BA900EEFE80 /* Assets.xcassets in Resources */,
			);
			runOnlyForDeploymentPostprocessing = 0;
		};
		11783E7F24B53BA900EEFE80 /* Resources */ = {
			isa = PBXResourcesBuildPhase;
			buildActionMask = 2147483647;
			files = (
			);
			runOnlyForDeploymentPostprocessing = 0;
		};
		11783E8A24B53BA900EEFE80 /* Resources */ = {
			isa = PBXResourcesBuildPhase;
			buildActionMask = 2147483647;
			files = (
			);
			runOnlyForDeploymentPostprocessing = 0;
		};
/* End PBXResourcesBuildPhase section */

/* Begin PBXShellScriptBuildPhase section */
		01D4D0699E9AF068BD34D10F /* [CP] Check Pods Manifest.lock */ = {
			isa = PBXShellScriptBuildPhase;
			buildActionMask = 2147483647;
			files = (
			);
			inputFileListPaths = (
			);
			inputPaths = (
				"${PODS_PODFILE_DIR_PATH}/Podfile.lock",
				"${PODS_ROOT}/Manifest.lock",
			);
			name = "[CP] Check Pods Manifest.lock";
			outputFileListPaths = (
			);
			outputPaths = (
				"$(DERIVED_FILE_DIR)/Pods-Gleem_iOS-Gleem_iOSUITests-checkManifestLockResult.txt",
			);
			runOnlyForDeploymentPostprocessing = 0;
			shellPath = /bin/sh;
			shellScript = "diff \"${PODS_PODFILE_DIR_PATH}/Podfile.lock\" \"${PODS_ROOT}/Manifest.lock\" > /dev/null\nif [ $? != 0 ] ; then\n    # print error to STDERR\n    echo \"error: The sandbox is not in sync with the Podfile.lock. Run 'pod install' or update your CocoaPods installation.\" >&2\n    exit 1\nfi\n# This output is used by Xcode 'outputs' to avoid re-running this script phase.\necho \"SUCCESS\" > \"${SCRIPT_OUTPUT_FILE_0}\"\n";
			showEnvVarsInLog = 0;
		};
		577B8BF9441C889F162B799B /* [CP] Check Pods Manifest.lock */ = {
			isa = PBXShellScriptBuildPhase;
			buildActionMask = 2147483647;
			files = (
			);
			inputFileListPaths = (
			);
			inputPaths = (
				"${PODS_PODFILE_DIR_PATH}/Podfile.lock",
				"${PODS_ROOT}/Manifest.lock",
			);
			name = "[CP] Check Pods Manifest.lock";
			outputFileListPaths = (
			);
			outputPaths = (
				"$(DERIVED_FILE_DIR)/Pods-Gleem_iOS-checkManifestLockResult.txt",
			);
			runOnlyForDeploymentPostprocessing = 0;
			shellPath = /bin/sh;
			shellScript = "diff \"${PODS_PODFILE_DIR_PATH}/Podfile.lock\" \"${PODS_ROOT}/Manifest.lock\" > /dev/null\nif [ $? != 0 ] ; then\n    # print error to STDERR\n    echo \"error: The sandbox is not in sync with the Podfile.lock. Run 'pod install' or update your CocoaPods installation.\" >&2\n    exit 1\nfi\n# This output is used by Xcode 'outputs' to avoid re-running this script phase.\necho \"SUCCESS\" > \"${SCRIPT_OUTPUT_FILE_0}\"\n";
			showEnvVarsInLog = 0;
		};
		B77596ECF9D95CAF325CC84C /* [CP] Embed Pods Frameworks */ = {
			isa = PBXShellScriptBuildPhase;
			buildActionMask = 2147483647;
			files = (
			);
			inputFileListPaths = (
				"${PODS_ROOT}/Target Support Files/Pods-Gleem_iOS/Pods-Gleem_iOS-frameworks-${CONFIGURATION}-input-files.xcfilelist",
			);
			name = "[CP] Embed Pods Frameworks";
			outputFileListPaths = (
				"${PODS_ROOT}/Target Support Files/Pods-Gleem_iOS/Pods-Gleem_iOS-frameworks-${CONFIGURATION}-output-files.xcfilelist",
			);
			runOnlyForDeploymentPostprocessing = 0;
			shellPath = /bin/sh;
			shellScript = "\"${PODS_ROOT}/Target Support Files/Pods-Gleem_iOS/Pods-Gleem_iOS-frameworks.sh\"\n";
			showEnvVarsInLog = 0;
		};
		BD4DB6B8885888DD91FBDF9F /* [CP] Check Pods Manifest.lock */ = {
			isa = PBXShellScriptBuildPhase;
			buildActionMask = 2147483647;
			files = (
			);
			inputFileListPaths = (
			);
			inputPaths = (
				"${PODS_PODFILE_DIR_PATH}/Podfile.lock",
				"${PODS_ROOT}/Manifest.lock",
			);
			name = "[CP] Check Pods Manifest.lock";
			outputFileListPaths = (
			);
			outputPaths = (
				"$(DERIVED_FILE_DIR)/Pods-Gleem_iOSTests-checkManifestLockResult.txt",
			);
			runOnlyForDeploymentPostprocessing = 0;
			shellPath = /bin/sh;
			shellScript = "diff \"${PODS_PODFILE_DIR_PATH}/Podfile.lock\" \"${PODS_ROOT}/Manifest.lock\" > /dev/null\nif [ $? != 0 ] ; then\n    # print error to STDERR\n    echo \"error: The sandbox is not in sync with the Podfile.lock. Run 'pod install' or update your CocoaPods installation.\" >&2\n    exit 1\nfi\n# This output is used by Xcode 'outputs' to avoid re-running this script phase.\necho \"SUCCESS\" > \"${SCRIPT_OUTPUT_FILE_0}\"\n";
			showEnvVarsInLog = 0;
		};
		F2BF49D28462E73E69B425FD /* [CP] Embed Pods Frameworks */ = {
			isa = PBXShellScriptBuildPhase;
			buildActionMask = 2147483647;
			files = (
			);
			inputFileListPaths = (
				"${PODS_ROOT}/Target Support Files/Pods-Gleem_iOS-Gleem_iOSUITests/Pods-Gleem_iOS-Gleem_iOSUITests-frameworks-${CONFIGURATION}-input-files.xcfilelist",
			);
			name = "[CP] Embed Pods Frameworks";
			outputFileListPaths = (
				"${PODS_ROOT}/Target Support Files/Pods-Gleem_iOS-Gleem_iOSUITests/Pods-Gleem_iOS-Gleem_iOSUITests-frameworks-${CONFIGURATION}-output-files.xcfilelist",
			);
			runOnlyForDeploymentPostprocessing = 0;
			shellPath = /bin/sh;
			shellScript = "\"${PODS_ROOT}/Target Support Files/Pods-Gleem_iOS-Gleem_iOSUITests/Pods-Gleem_iOS-Gleem_iOSUITests-frameworks.sh\"\n";
			showEnvVarsInLog = 0;
		};
/* End PBXShellScriptBuildPhase section */

/* Begin PBXSourcesBuildPhase section */
		11783E6424B53BA500EEFE80 /* Sources */ = {
			isa = PBXSourcesBuildPhase;
			buildActionMask = 2147483647;
			files = (
				1181FF4424E38B8A00ED5865 /* BannerAdView.swift in Sources */,
				11783EF424B53E5000EEFE80 /* Vote.swift in Sources */,
				11783E6C24B53BA500EEFE80 /* AppDelegate.swift in Sources */,
				11783ED024B53D1A00EEFE80 /* UploadView.swift in Sources */,
				11B5ECF524BB99C90055700B /* MessagesView.swift in Sources */,
				11B5ED2E24BEAC170055700B /* Flag.swift in Sources */,
				1181FF4024E0C4CC00ED5865 /* HistoryViewModel.swift in Sources */,
				11783EFA24B57E2200EEFE80 /* ProfileList.swift in Sources */,
				11783EC824B53D1A00EEFE80 /* FavoriteView.swift in Sources */,
				11B5ECF324BB8A6F0055700B /* ChatApi.swift in Sources */,
				11143D3B24C4AEC70082E48F /* Match.swift in Sources */,
				11783E9F24B53BF400EEFE80 /* observer.swift in Sources */,
				11B5ECF724BB99F80055700B /* MessageViewModel.swift in Sources */,
				1153A79A24B97F6400CE3574 /* InitialView.swift in Sources */,
				1153A7A924BA023F00CE3574 /* CustomController.swift in Sources */,
				11783EE024B53DD900EEFE80 /* Constants.swift in Sources */,
				11783E7124B53BA500EEFE80 /* Gleem_iOS.xcdatamodeld in Sources */,
				1181FF3124DCE2DF00ED5865 /* MultilineTextField.swift in Sources */,
				116AB5CC25094497003D1D47 /* Activity.swift in Sources */,
				1153A78724B966AE00CE3574 /* SignupViewModel.swift in Sources */,
				11982E7024CFA60C00DC57E2 /* CreditCard.swift in Sources */,
				116AB5CA250895D1003D1D47 /* ActiveVote_NEW.swift in Sources */,
				11783EB124B53CEC00EEFE80 /* UploadViewModel.swift in Sources */,
				11B5ED0324BCC3690055700B /* ProfileView.swift in Sources */,
				11783EFE24B6293A00EEFE80 /* BlurView.swift in Sources */,
				118BAC2024CB9BEA00989F47 /* EmptyChattingView.swift in Sources */,
				11B5ECE524BB7DA50055700B /* InboxMessage.swift in Sources */,
				11B5ED0B24BD35C50055700B /* NotificationView.swift in Sources */,
				11783EC924B53D1A00EEFE80 /* ChartView.swift in Sources */,
				11982E7224CFA63600DC57E2 /* PaymentView.swift in Sources */,
				11783EEA24B53DD900EEFE80 /* LoadingView.swift in Sources */,
				11783EF124B53E5000EEFE80 /* FavoriteUser.swift in Sources */,
				11783EE724B53DD900EEFE80 /* Utils.swift in Sources */,
				1181FF3824E0A2FC00ED5865 /* HistoryView.swift in Sources */,
				11783EB324B53CEC00EEFE80 /* VoteViewModel.swift in Sources */,
				11143D3924C4AE380082E48F /* MatchingApi.swift in Sources */,
				11783F0824B6A44500EEFE80 /* SuccessView.swift in Sources */,
				1153A79224B9679200CE3574 /* PasswordTextField.swift in Sources */,
				11783EE324B53DD900EEFE80 /* ImagePicker.swift in Sources */,
				11783EAD24B53CEC00EEFE80 /* UserApi.swift in Sources */,
				11783EF324B53E5000EEFE80 /* User.swift in Sources */,
				11783EFC24B57FAE00EEFE80 /* MenuView.swift in Sources */,
				11783EB524B53CEC00EEFE80 /* FavoriteViewModel.swift in Sources */,
				11783EB224B53CEC00EEFE80 /* AttributeViewModel.swift in Sources */,
				1153A78F24B9679200CE3574 /* UsernameTextField.swift in Sources */,
				11783EE624B53DD900EEFE80 /* Loader.swift in Sources */,
				1153A79424B9679200CE3574 /* SignupText.swift in Sources */,
				11783EE224B53DD900EEFE80 /* SearchBarView.swift in Sources */,
				1153A79124B9679200CE3574 /* EmailTextField.swift in Sources */,
				11783EE424B53DD900EEFE80 /* SearchBar.swift in Sources */,
				11FA744E24B7FACC008009A1 /* GuideComponent.swift in Sources */,
				1181FF3E24E0A43100ED5865 /* PastVotePictureView.swift in Sources */,
				11B5ECFF24BBAC700055700B /* CustomScrollView.swift in Sources */,
				11B5ED1F24BE083E0055700B /* HeaderView.swift in Sources */,
				11783E7324B53BA500EEFE80 /* ContentView.swift in Sources */,
				11B5ED2524BE087F0055700B /* CardListview.swift in Sources */,
				11B5ED2724BE08A90055700B /* MainCardView.swift in Sources */,
				11783ECB24B53D1A00EEFE80 /* AttrButtonView.swift in Sources */,
				1189A19B24E621CE0042FE8D /* LocalNotificationManager.swift in Sources */,
				11B5ED0924BD180A0055700B /* ActivityViewModel.swift in Sources */,
				11B5ED2A24BE20F20055700B /* FlagView.swift in Sources */,
				11607FBD24FF02BD00A243D0 /* ChatFlagView.swift in Sources */,
				11B5ED2124BE08560055700B /* InfoView.swift in Sources */,
				11783EB024B53CEC00EEFE80 /* StorageService.swift in Sources */,
				1153A78824B966AE00CE3574 /* SigninViewModel.swift in Sources */,
				1181FF3624E098E600ED5865 /* StatView.swift in Sources */,
				11FA745424B7FAF5008009A1 /* TitleModifier.swift in Sources */,
				11783EE924B53DD900EEFE80 /* Keyboard.swift in Sources */,
				11B5ED0124BC210E0055700B /* RatingDetailView.swift in Sources */,
				11B5ED2324BE086D0055700B /* FooterView.swift in Sources */,
				11B5ED0524BD02E70055700B /* Notification.swift in Sources */,
				118BAC1E24CB7D1B00989F47 /* KeyboardObserving.swift in Sources */,
				11783ED124B53D1A00EEFE80 /* ExpandView.swift in Sources */,
				1153A79324B9679200CE3574 /* SignupButton.swift in Sources */,
				11B5ED0724BD17EC0055700B /* ActivityApi.swift in Sources */,
				1101C1AD24F1D1CC00F7C792 /* UserProfile.swift in Sources */,
				1153A7AF24BA9BD800CE3574 /* ActiveVote.swift in Sources */,
				1153A79024B9679200CE3574 /* SigninButton.swift in Sources */,
				11B5ECFB24BB9A2C0055700B /* ChatViewModel.swift in Sources */,
				11B5ECF124BB8A320055700B /* Api.swift in Sources */,
				11143D3724C4ADDD0082E48F /* MatchingViewModel.swift in Sources */,
				11783ED224B53D1A00EEFE80 /* SettingView.swift in Sources */,
				11783EC724B53D1A00EEFE80 /* SafariView.swift in Sources */,
				11B5ECE324BB7D920055700B /* Chat.swift in Sources */,
				1101C1AB24F1794500F7C792 /* LocationManager.swift in Sources */,
				11B5ED3024BEAE2E0055700B /* FlagApi.swift in Sources */,
				11783EE824B53DD900EEFE80 /* Modifier.swift in Sources */,
				11B5ECF924BB9A150055700B /* ChatView.swift in Sources */,
				1153A79724B967FF00CE3574 /* SignUpView.swift in Sources */,
				11FA744F24B7FACC008009A1 /* HeaderComponent.swift in Sources */,
				11783ECD24B53D1A00EEFE80 /* MyStaticView.swift in Sources */,
				1181FF4224E235D800ED5865 /* Reachabilty.swift in Sources */,
				11783EB624B53CEC00EEFE80 /* AuthService.swift in Sources */,
				11FA745624B7FAF5008009A1 /* SymbolModifier.swift in Sources */,
				11FA745524B7FAF5008009A1 /* ButtonModifier.swift in Sources */,
				11783F0A24B6A4DD00EEFE80 /* LottieView.swift in Sources */,
				11783EE524B53DD900EEFE80 /* Extensions.swift in Sources */,
				11783E6E24B53BA500EEFE80 /* SceneDelegate.swift in Sources */,
				11783EB424B53CEC00EEFE80 /* ChartViewModel.swift in Sources */,
				11B5ECEF24BB802E0055700B /* UserViewModel.swift in Sources */,
				1153A79824B967FF00CE3574 /* LoginView.swift in Sources */,
				1181FF3C24E0A35D00ED5865 /* HeaderModel.swift in Sources */,
				11783EF524B53E5000EEFE80 /* MyVote.swift in Sources */,
			);
			runOnlyForDeploymentPostprocessing = 0;
		};
		11783E7D24B53BA900EEFE80 /* Sources */ = {
			isa = PBXSourcesBuildPhase;
			buildActionMask = 2147483647;
			files = (
				11783E8624B53BA900EEFE80 /* Gleem_iOSTests.swift in Sources */,
			);
			runOnlyForDeploymentPostprocessing = 0;
		};
		11783E8824B53BA900EEFE80 /* Sources */ = {
			isa = PBXSourcesBuildPhase;
			buildActionMask = 2147483647;
			files = (
				11783E9124B53BA900EEFE80 /* Gleem_iOSUITests.swift in Sources */,
			);
			runOnlyForDeploymentPostprocessing = 0;
		};
/* End PBXSourcesBuildPhase section */

/* Begin PBXTargetDependency section */
		11783E8324B53BA900EEFE80 /* PBXTargetDependency */ = {
			isa = PBXTargetDependency;
			target = 11783E6724B53BA500EEFE80 /* Gleem_iOS */;
			targetProxy = 11783E8224B53BA900EEFE80 /* PBXContainerItemProxy */;
		};
		11783E8E24B53BA900EEFE80 /* PBXTargetDependency */ = {
			isa = PBXTargetDependency;
			target = 11783E6724B53BA500EEFE80 /* Gleem_iOS */;
			targetProxy = 11783E8D24B53BA900EEFE80 /* PBXContainerItemProxy */;
		};
/* End PBXTargetDependency section */

/* Begin PBXVariantGroup section */
		11783E7924B53BA900EEFE80 /* LaunchScreen.storyboard */ = {
			isa = PBXVariantGroup;
			children = (
				11783E7A24B53BA900EEFE80 /* Base */,
			);
			name = LaunchScreen.storyboard;
			sourceTree = "<group>";
		};
/* End PBXVariantGroup section */

/* Begin XCBuildConfiguration section */
		11783E9324B53BA900EEFE80 /* Debug */ = {
			isa = XCBuildConfiguration;
			buildSettings = {
				ALWAYS_SEARCH_USER_PATHS = NO;
				CLANG_ANALYZER_NONNULL = YES;
				CLANG_ANALYZER_NUMBER_OBJECT_CONVERSION = YES_AGGRESSIVE;
				CLANG_CXX_LANGUAGE_STANDARD = "gnu++14";
				CLANG_CXX_LIBRARY = "libc++";
				CLANG_ENABLE_MODULES = YES;
				CLANG_ENABLE_OBJC_ARC = YES;
				CLANG_ENABLE_OBJC_WEAK = YES;
				CLANG_WARN_BLOCK_CAPTURE_AUTORELEASING = YES;
				CLANG_WARN_BOOL_CONVERSION = YES;
				CLANG_WARN_COMMA = YES;
				CLANG_WARN_CONSTANT_CONVERSION = YES;
				CLANG_WARN_DEPRECATED_OBJC_IMPLEMENTATIONS = YES;
				CLANG_WARN_DIRECT_OBJC_ISA_USAGE = YES_ERROR;
				CLANG_WARN_DOCUMENTATION_COMMENTS = YES;
				CLANG_WARN_EMPTY_BODY = YES;
				CLANG_WARN_ENUM_CONVERSION = YES;
				CLANG_WARN_INFINITE_RECURSION = YES;
				CLANG_WARN_INT_CONVERSION = YES;
				CLANG_WARN_NON_LITERAL_NULL_CONVERSION = YES;
				CLANG_WARN_OBJC_IMPLICIT_RETAIN_SELF = YES;
				CLANG_WARN_OBJC_LITERAL_CONVERSION = YES;
				CLANG_WARN_OBJC_ROOT_CLASS = YES_ERROR;
				CLANG_WARN_RANGE_LOOP_ANALYSIS = YES;
				CLANG_WARN_STRICT_PROTOTYPES = YES;
				CLANG_WARN_SUSPICIOUS_MOVE = YES;
				CLANG_WARN_UNGUARDED_AVAILABILITY = YES_AGGRESSIVE;
				CLANG_WARN_UNREACHABLE_CODE = YES;
				CLANG_WARN__DUPLICATE_METHOD_MATCH = YES;
				COPY_PHASE_STRIP = NO;
				DEBUG_INFORMATION_FORMAT = dwarf;
				ENABLE_STRICT_OBJC_MSGSEND = YES;
				ENABLE_TESTABILITY = YES;
				GCC_C_LANGUAGE_STANDARD = gnu11;
				GCC_DYNAMIC_NO_PIC = NO;
				GCC_NO_COMMON_BLOCKS = YES;
				GCC_OPTIMIZATION_LEVEL = 0;
				GCC_PREPROCESSOR_DEFINITIONS = (
					"DEBUG=1",
					"$(inherited)",
				);
				GCC_WARN_64_TO_32_BIT_CONVERSION = YES;
				GCC_WARN_ABOUT_RETURN_TYPE = YES_ERROR;
				GCC_WARN_UNDECLARED_SELECTOR = YES;
				GCC_WARN_UNINITIALIZED_AUTOS = YES_AGGRESSIVE;
				GCC_WARN_UNUSED_FUNCTION = YES;
				GCC_WARN_UNUSED_VARIABLE = YES;
				IPHONEOS_DEPLOYMENT_TARGET = 13.3;
				MTL_ENABLE_DEBUG_INFO = INCLUDE_SOURCE;
				MTL_FAST_MATH = YES;
				ONLY_ACTIVE_ARCH = YES;
				SDKROOT = iphoneos;
				SWIFT_ACTIVE_COMPILATION_CONDITIONS = DEBUG;
				SWIFT_OPTIMIZATION_LEVEL = "-Onone";
			};
			name = Debug;
		};
		11783E9424B53BA900EEFE80 /* Release */ = {
			isa = XCBuildConfiguration;
			buildSettings = {
				ALWAYS_SEARCH_USER_PATHS = NO;
				CLANG_ANALYZER_NONNULL = YES;
				CLANG_ANALYZER_NUMBER_OBJECT_CONVERSION = YES_AGGRESSIVE;
				CLANG_CXX_LANGUAGE_STANDARD = "gnu++14";
				CLANG_CXX_LIBRARY = "libc++";
				CLANG_ENABLE_MODULES = YES;
				CLANG_ENABLE_OBJC_ARC = YES;
				CLANG_ENABLE_OBJC_WEAK = YES;
				CLANG_WARN_BLOCK_CAPTURE_AUTORELEASING = YES;
				CLANG_WARN_BOOL_CONVERSION = YES;
				CLANG_WARN_COMMA = YES;
				CLANG_WARN_CONSTANT_CONVERSION = YES;
				CLANG_WARN_DEPRECATED_OBJC_IMPLEMENTATIONS = YES;
				CLANG_WARN_DIRECT_OBJC_ISA_USAGE = YES_ERROR;
				CLANG_WARN_DOCUMENTATION_COMMENTS = YES;
				CLANG_WARN_EMPTY_BODY = YES;
				CLANG_WARN_ENUM_CONVERSION = YES;
				CLANG_WARN_INFINITE_RECURSION = YES;
				CLANG_WARN_INT_CONVERSION = YES;
				CLANG_WARN_NON_LITERAL_NULL_CONVERSION = YES;
				CLANG_WARN_OBJC_IMPLICIT_RETAIN_SELF = YES;
				CLANG_WARN_OBJC_LITERAL_CONVERSION = YES;
				CLANG_WARN_OBJC_ROOT_CLASS = YES_ERROR;
				CLANG_WARN_RANGE_LOOP_ANALYSIS = YES;
				CLANG_WARN_STRICT_PROTOTYPES = YES;
				CLANG_WARN_SUSPICIOUS_MOVE = YES;
				CLANG_WARN_UNGUARDED_AVAILABILITY = YES_AGGRESSIVE;
				CLANG_WARN_UNREACHABLE_CODE = YES;
				CLANG_WARN__DUPLICATE_METHOD_MATCH = YES;
				COPY_PHASE_STRIP = NO;
				DEBUG_INFORMATION_FORMAT = "dwarf-with-dsym";
				ENABLE_NS_ASSERTIONS = NO;
				ENABLE_STRICT_OBJC_MSGSEND = YES;
				GCC_C_LANGUAGE_STANDARD = gnu11;
				GCC_NO_COMMON_BLOCKS = YES;
				GCC_WARN_64_TO_32_BIT_CONVERSION = YES;
				GCC_WARN_ABOUT_RETURN_TYPE = YES_ERROR;
				GCC_WARN_UNDECLARED_SELECTOR = YES;
				GCC_WARN_UNINITIALIZED_AUTOS = YES_AGGRESSIVE;
				GCC_WARN_UNUSED_FUNCTION = YES;
				GCC_WARN_UNUSED_VARIABLE = YES;
				IPHONEOS_DEPLOYMENT_TARGET = 13.3;
				MTL_ENABLE_DEBUG_INFO = NO;
				MTL_FAST_MATH = YES;
				SDKROOT = iphoneos;
				SWIFT_COMPILATION_MODE = wholemodule;
				SWIFT_OPTIMIZATION_LEVEL = "-O";
				VALIDATE_PRODUCT = YES;
			};
			name = Release;
		};
		11783E9624B53BA900EEFE80 /* Debug */ = {
			isa = XCBuildConfiguration;
			baseConfigurationReference = B3F2457DFCF21F207F37E863 /* Pods-Gleem_iOS.debug.xcconfig */;
			buildSettings = {
				ASSETCATALOG_COMPILER_APPICON_NAME = AppIcon;
				CODE_SIGN_IDENTITY = "Apple Development";
				CODE_SIGN_STYLE = Automatic;
				CURRENT_PROJECT_VERSION = 1.1;
				DEVELOPMENT_ASSET_PATHS = "\"Gleem_iOS/Preview Content\"";
				DEVELOPMENT_TEAM = CSE9343A58;
				ENABLE_PREVIEWS = YES;
				INFOPLIST_FILE = Gleem_iOS/Info.plist;
				LD_RUNPATH_SEARCH_PATHS = (
					"$(inherited)",
					"@executable_path/Frameworks",
				);
				MARKETING_VERSION = 1.58;
				PRODUCT_BUNDLE_IDENTIFIER = gleem.dating;
				PRODUCT_NAME = "Gleem 데이팅";
				PROVISIONING_PROFILE_SPECIFIER = "";
				SWIFT_VERSION = 5.0;
				TARGETED_DEVICE_FAMILY = 1;
			};
			name = Debug;
		};
		11783E9724B53BA900EEFE80 /* Release */ = {
			isa = XCBuildConfiguration;
			baseConfigurationReference = C0B454CFC04CA0A6EC33835B /* Pods-Gleem_iOS.release.xcconfig */;
			buildSettings = {
				ASSETCATALOG_COMPILER_APPICON_NAME = AppIcon;
				CODE_SIGN_IDENTITY = "Apple Development";
				CODE_SIGN_STYLE = Automatic;
				CURRENT_PROJECT_VERSION = 1.1;
				DEVELOPMENT_ASSET_PATHS = "\"Gleem_iOS/Preview Content\"";
				DEVELOPMENT_TEAM = CSE9343A58;
				ENABLE_PREVIEWS = YES;
				INFOPLIST_FILE = Gleem_iOS/Info.plist;
				LD_RUNPATH_SEARCH_PATHS = (
					"$(inherited)",
					"@executable_path/Frameworks",
				);
				MARKETING_VERSION = 1.58;
				PRODUCT_BUNDLE_IDENTIFIER = gleem.dating;
				PRODUCT_NAME = "Gleem 데이팅";
				PROVISIONING_PROFILE_SPECIFIER = "";
				SWIFT_VERSION = 5.0;
				TARGETED_DEVICE_FAMILY = 1;
			};
			name = Release;
		};
		11783E9924B53BA900EEFE80 /* Debug */ = {
			isa = XCBuildConfiguration;
			baseConfigurationReference = 37E974150556C476F44ADAEE /* Pods-Gleem_iOSTests.debug.xcconfig */;
			buildSettings = {
				ALWAYS_EMBED_SWIFT_STANDARD_LIBRARIES = YES;
				BUNDLE_LOADER = "$(TEST_HOST)";
				CODE_SIGN_STYLE = Automatic;
				DEVELOPMENT_TEAM = CSE9343A58;
				INFOPLIST_FILE = Gleem_iOSTests/Info.plist;
				IPHONEOS_DEPLOYMENT_TARGET = 13.5;
				LD_RUNPATH_SEARCH_PATHS = (
					"$(inherited)",
					"@executable_path/Frameworks",
					"@loader_path/Frameworks",
				);
				PRODUCT_BUNDLE_IDENTIFIER = "frontyard.Gleem-iOSTests";
				PRODUCT_NAME = "$(TARGET_NAME)";
				SWIFT_VERSION = 5.0;
				TARGETED_DEVICE_FAMILY = "1,2";
				TEST_HOST = "$(BUILT_PRODUCTS_DIR)/Gleem_iOS.app/Gleem_iOS";
			};
			name = Debug;
		};
		11783E9A24B53BA900EEFE80 /* Release */ = {
			isa = XCBuildConfiguration;
			baseConfigurationReference = A3A5A02540E265FA2316B592 /* Pods-Gleem_iOSTests.release.xcconfig */;
			buildSettings = {
				ALWAYS_EMBED_SWIFT_STANDARD_LIBRARIES = YES;
				BUNDLE_LOADER = "$(TEST_HOST)";
				CODE_SIGN_STYLE = Automatic;
				DEVELOPMENT_TEAM = CSE9343A58;
				INFOPLIST_FILE = Gleem_iOSTests/Info.plist;
				IPHONEOS_DEPLOYMENT_TARGET = 13.5;
				LD_RUNPATH_SEARCH_PATHS = (
					"$(inherited)",
					"@executable_path/Frameworks",
					"@loader_path/Frameworks",
				);
				PRODUCT_BUNDLE_IDENTIFIER = "frontyard.Gleem-iOSTests";
				PRODUCT_NAME = "$(TARGET_NAME)";
				SWIFT_VERSION = 5.0;
				TARGETED_DEVICE_FAMILY = "1,2";
				TEST_HOST = "$(BUILT_PRODUCTS_DIR)/Gleem_iOS.app/Gleem_iOS";
			};
			name = Release;
		};
		11783E9C24B53BA900EEFE80 /* Debug */ = {
			isa = XCBuildConfiguration;
			baseConfigurationReference = 65130D1DFFE2C0DF99EF3327 /* Pods-Gleem_iOS-Gleem_iOSUITests.debug.xcconfig */;
			buildSettings = {
				ALWAYS_EMBED_SWIFT_STANDARD_LIBRARIES = YES;
				CODE_SIGN_STYLE = Automatic;
				DEVELOPMENT_TEAM = CSE9343A58;
				INFOPLIST_FILE = Gleem_iOSUITests/Info.plist;
				LD_RUNPATH_SEARCH_PATHS = (
					"$(inherited)",
					"@executable_path/Frameworks",
					"@loader_path/Frameworks",
				);
				PRODUCT_BUNDLE_IDENTIFIER = "frontyard.Gleem-iOSUITests";
				PRODUCT_NAME = "$(TARGET_NAME)";
				SWIFT_VERSION = 5.0;
				TARGETED_DEVICE_FAMILY = "1,2";
				TEST_TARGET_NAME = Gleem_iOS;
			};
			name = Debug;
		};
		11783E9D24B53BA900EEFE80 /* Release */ = {
			isa = XCBuildConfiguration;
			baseConfigurationReference = 8BFFE5EFFB2C85D1F4A0E8DC /* Pods-Gleem_iOS-Gleem_iOSUITests.release.xcconfig */;
			buildSettings = {
				ALWAYS_EMBED_SWIFT_STANDARD_LIBRARIES = YES;
				CODE_SIGN_STYLE = Automatic;
				DEVELOPMENT_TEAM = CSE9343A58;
				INFOPLIST_FILE = Gleem_iOSUITests/Info.plist;
				LD_RUNPATH_SEARCH_PATHS = (
					"$(inherited)",
					"@executable_path/Frameworks",
					"@loader_path/Frameworks",
				);
				PRODUCT_BUNDLE_IDENTIFIER = "frontyard.Gleem-iOSUITests";
				PRODUCT_NAME = "$(TARGET_NAME)";
				SWIFT_VERSION = 5.0;
				TARGETED_DEVICE_FAMILY = "1,2";
				TEST_TARGET_NAME = Gleem_iOS;
			};
			name = Release;
		};
/* End XCBuildConfiguration section */

/* Begin XCConfigurationList section */
		11783E6324B53BA500EEFE80 /* Build configuration list for PBXProject "Gleem_iOS" */ = {
			isa = XCConfigurationList;
			buildConfigurations = (
				11783E9324B53BA900EEFE80 /* Debug */,
				11783E9424B53BA900EEFE80 /* Release */,
			);
			defaultConfigurationIsVisible = 0;
			defaultConfigurationName = Release;
		};
		11783E9524B53BA900EEFE80 /* Build configuration list for PBXNativeTarget "Gleem_iOS" */ = {
			isa = XCConfigurationList;
			buildConfigurations = (
				11783E9624B53BA900EEFE80 /* Debug */,
				11783E9724B53BA900EEFE80 /* Release */,
			);
			defaultConfigurationIsVisible = 0;
			defaultConfigurationName = Release;
		};
		11783E9824B53BA900EEFE80 /* Build configuration list for PBXNativeTarget "Gleem_iOSTests" */ = {
			isa = XCConfigurationList;
			buildConfigurations = (
				11783E9924B53BA900EEFE80 /* Debug */,
				11783E9A24B53BA900EEFE80 /* Release */,
			);
			defaultConfigurationIsVisible = 0;
			defaultConfigurationName = Release;
		};
		11783E9B24B53BA900EEFE80 /* Build configuration list for PBXNativeTarget "Gleem_iOSUITests" */ = {
			isa = XCConfigurationList;
			buildConfigurations = (
				11783E9C24B53BA900EEFE80 /* Debug */,
				11783E9D24B53BA900EEFE80 /* Release */,
			);
			defaultConfigurationIsVisible = 0;
			defaultConfigurationName = Release;
		};
/* End XCConfigurationList section */

/* Begin XCVersionGroup section */
		11783E6F24B53BA500EEFE80 /* Gleem_iOS.xcdatamodeld */ = {
			isa = XCVersionGroup;
			children = (
				11783E7024B53BA500EEFE80 /* Gleem_iOS.xcdatamodel */,
			);
			currentVersion = 11783E7024B53BA500EEFE80 /* Gleem_iOS.xcdatamodel */;
			path = Gleem_iOS.xcdatamodeld;
			sourceTree = "<group>";
			versionGroupType = wrapper.xcdatamodel;
		};
/* End XCVersionGroup section */
	};
	rootObject = 11783E6024B53BA500EEFE80 /* Project object */;
}
